// !$*UTF8*$!
{
	archiveVersion = 1;
	classes = {
	};
	objectVersion = 46;
	objects = {

/* Begin PBXBuildFile section */
		7A5393EF14312E33005592CE /* UIKit.framework in Frameworks */ = {isa = PBXBuildFile; fileRef = 7A5393EE14312E33005592CE /* UIKit.framework */; };
		7A5393F114312E33005592CE /* Foundation.framework in Frameworks */ = {isa = PBXBuildFile; fileRef = 7A5393F014312E33005592CE /* Foundation.framework */; };
		7A5393F314312E33005592CE /* CoreGraphics.framework in Frameworks */ = {isa = PBXBuildFile; fileRef = 7A5393F214312E33005592CE /* CoreGraphics.framework */; };
		7A5393F914312E33005592CE /* InfoPlist.strings in Resources */ = {isa = PBXBuildFile; fileRef = 7A5393F714312E33005592CE /* InfoPlist.strings */; };
		7A5393FB14312E33005592CE /* main.m in Sources */ = {isa = PBXBuildFile; fileRef = 7A5393FA14312E33005592CE /* main.m */; };
		7A5393FF14312E33005592CE /* picsicleAppDelegate.m in Sources */ = {isa = PBXBuildFile; fileRef = 7A5393FE14312E33005592CE /* picsicleAppDelegate.m */; };
		7A53940214312E34005592CE /* MainWindow.xib in Resources */ = {isa = PBXBuildFile; fileRef = 7A53940014312E34005592CE /* MainWindow.xib */; };
		7A53940514312E34005592CE /* picsicleViewController.m in Sources */ = {isa = PBXBuildFile; fileRef = 7A53940414312E34005592CE /* picsicleViewController.m */; };
		7A53940814312E34005592CE /* picsicleViewController.xib in Resources */ = {isa = PBXBuildFile; fileRef = 7A53940614312E34005592CE /* picsicleViewController.xib */; };
		7A53941014312E34005592CE /* SenTestingKit.framework in Frameworks */ = {isa = PBXBuildFile; fileRef = 7A53940F14312E34005592CE /* SenTestingKit.framework */; };
		7A53941114312E34005592CE /* UIKit.framework in Frameworks */ = {isa = PBXBuildFile; fileRef = 7A5393EE14312E33005592CE /* UIKit.framework */; };
		7A53941214312E34005592CE /* Foundation.framework in Frameworks */ = {isa = PBXBuildFile; fileRef = 7A5393F014312E33005592CE /* Foundation.framework */; };
		7A53941314312E34005592CE /* CoreGraphics.framework in Frameworks */ = {isa = PBXBuildFile; fileRef = 7A5393F214312E33005592CE /* CoreGraphics.framework */; };
		7A53941B14312E34005592CE /* InfoPlist.strings in Resources */ = {isa = PBXBuildFile; fileRef = 7A53941914312E34005592CE /* InfoPlist.strings */; };
		7A53941D14312E34005592CE /* picsicleTests.h in Resources */ = {isa = PBXBuildFile; fileRef = 7A53941C14312E34005592CE /* picsicleTests.h */; };
		7A53941F14312E34005592CE /* picsicleTests.m in Sources */ = {isa = PBXBuildFile; fileRef = 7A53941E14312E34005592CE /* picsicleTests.m */; };
/* End PBXBuildFile section */

/* Begin PBXContainerItemProxy section */
		7A53941414312E34005592CE /* PBXContainerItemProxy */ = {
			isa = PBXContainerItemProxy;
			containerPortal = 7A5393E114312E33005592CE /* Project object */;
			proxyType = 1;
			remoteGlobalIDString = 7A5393E914312E33005592CE;
			remoteInfo = picsicle;
		};
/* End PBXContainerItemProxy section */

/* Begin PBXFileReference section */
		7A5393EA14312E33005592CE /* picsicle.app */ = {isa = PBXFileReference; explicitFileType = wrapper.application; includeInIndex = 0; path = picsicle.app; sourceTree = BUILT_PRODUCTS_DIR; };
		7A5393EE14312E33005592CE /* UIKit.framework */ = {isa = PBXFileReference; lastKnownFileType = wrapper.framework; name = UIKit.framework; path = System/Library/Frameworks/UIKit.framework; sourceTree = SDKROOT; };
		7A5393F014312E33005592CE /* Foundation.framework */ = {isa = PBXFileReference; lastKnownFileType = wrapper.framework; name = Foundation.framework; path = System/Library/Frameworks/Foundation.framework; sourceTree = SDKROOT; };
		7A5393F214312E33005592CE /* CoreGraphics.framework */ = {isa = PBXFileReference; lastKnownFileType = wrapper.framework; name = CoreGraphics.framework; path = System/Library/Frameworks/CoreGraphics.framework; sourceTree = SDKROOT; };
		7A5393F614312E33005592CE /* picsicle-Info.plist */ = {isa = PBXFileReference; path = "picsicle-Info.plist"; sourceTree = "<group>"; };
		7A5393F814312E33005592CE /* en */ = {isa = PBXFileReference; lastKnownFileType = text.plist.strings; name = en; path = en.lproj/InfoPlist.strings; sourceTree = "<group>"; };
		7A5393FA14312E33005592CE /* main.m */ = {isa = PBXFileReference; lastKnownFileType = sourcecode.c.objc; path = main.m; sourceTree = "<group>"; };
		7A5393FC14312E33005592CE /* picsicle-Prefix.pch */ = {isa = PBXFileReference; path = "picsicle-Prefix.pch"; sourceTree = "<group>"; };
		7A5393FD14312E33005592CE /* picsicleAppDelegate.h */ = {isa = PBXFileReference; path = picsicleAppDelegate.h; sourceTree = "<group>"; };
		7A5393FE14312E33005592CE /* picsicleAppDelegate.m */ = {isa = PBXFileReference; lastKnownFileType = sourcecode.c.objc; path = picsicleAppDelegate.m; sourceTree = "<group>"; };
		7A53940114312E34005592CE /* en */ = {isa = PBXFileReference; lastKnownFileType = file.xib; name = en; path = en.lproj/MainWindow.xib; sourceTree = "<group>"; };
		7A53940314312E34005592CE /* picsicleViewController.h */ = {isa = PBXFileReference; path = picsicleViewController.h; sourceTree = "<group>"; };
		7A53940414312E34005592CE /* picsicleViewController.m */ = {isa = PBXFileReference; lastKnownFileType = sourcecode.c.objc; path = picsicleViewController.m; sourceTree = "<group>"; };
		7A53940714312E34005592CE /* en */ = {isa = PBXFileReference; lastKnownFileType = file.xib; name = en; path = en.lproj/picsicleViewController.xib; sourceTree = "<group>"; };
		7A53940E14312E34005592CE /* picsicleTests.octest */ = {isa = PBXFileReference; explicitFileType = wrapper.cfbundle; includeInIndex = 0; path = picsicleTests.octest; sourceTree = BUILT_PRODUCTS_DIR; };
		7A53940F14312E34005592CE /* SenTestingKit.framework */ = {isa = PBXFileReference; lastKnownFileType = wrapper.framework; name = SenTestingKit.framework; path = Library/Frameworks/SenTestingKit.framework; sourceTree = DEVELOPER_DIR; };
		7A53941814312E34005592CE /* picsicleTests-Info.plist */ = {isa = PBXFileReference; path = "picsicleTests-Info.plist"; sourceTree = "<group>"; };
		7A53941A14312E34005592CE /* en */ = {isa = PBXFileReference; lastKnownFileType = text.plist.strings; name = en; path = en.lproj/InfoPlist.strings; sourceTree = "<group>"; };
		7A53941C14312E34005592CE /* picsicleTests.h */ = {isa = PBXFileReference; lastKnownFileType = sourcecode.c.h; path = picsicleTests.h; sourceTree = "<group>"; };
		7A53941E14312E34005592CE /* picsicleTests.m */ = {isa = PBXFileReference; lastKnownFileType = sourcecode.c.objc; path = picsicleTests.m; sourceTree = "<group>"; };
/* End PBXFileReference section */

/* Begin PBXFrameworksBuildPhase section */
		7A5393E714312E33005592CE /* Frameworks */ = {
			isa = PBXFrameworksBuildPhase;
			buildActionMask = 2147483647;
			files = (
				7A5393EF14312E33005592CE /* UIKit.framework in Frameworks */,
				7A5393F114312E33005592CE /* Foundation.framework in Frameworks */,
				7A5393F314312E33005592CE /* CoreGraphics.framework in Frameworks */,
			);
			runOnlyForDeploymentPostprocessing = 0;
		};
		7A53940A14312E34005592CE /* Frameworks */ = {
			isa = PBXFrameworksBuildPhase;
			buildActionMask = 2147483647;
			files = (
				7A53941014312E34005592CE /* SenTestingKit.framework in Frameworks */,
				7A53941114312E34005592CE /* UIKit.framework in Frameworks */,
				7A53941214312E34005592CE /* Foundation.framework in Frameworks */,
				7A53941314312E34005592CE /* CoreGraphics.framework in Frameworks */,
			);
			runOnlyForDeploymentPostprocessing = 0;
		};
/* End PBXFrameworksBuildPhase section */

/* Begin PBXGroup section */
		7A5393DF14312E33005592CE = {
			isa = PBXGroup;
			children = (
				7A5393F414312E33005592CE /* picsicle */,
				7A53941614312E34005592CE /* picsicleTests */,
				7A5393ED14312E33005592CE /* Frameworks */,
				7A5393EB14312E33005592CE /* Products */,
			);
			sourceTree = "<group>";
		};
		7A5393EB14312E33005592CE /* Products */ = {
			isa = PBXGroup;
			children = (
				7A5393EA14312E33005592CE /* picsicle.app */,
				7A53940E14312E34005592CE /* picsicleTests.octest */,
			);
			name = Products;
			sourceTree = "<group>";
		};
		7A5393ED14312E33005592CE /* Frameworks */ = {
			isa = PBXGroup;
			children = (
				7A5393EE14312E33005592CE /* UIKit.framework */,
				7A5393F014312E33005592CE /* Foundation.framework */,
				7A5393F214312E33005592CE /* CoreGraphics.framework */,
				7A53940F14312E34005592CE /* SenTestingKit.framework */,
			);
			name = Frameworks;
			sourceTree = "<group>";
		};
		7A5393F414312E33005592CE /* picsicle */ = {
			isa = PBXGroup;
			children = (
				7A5393FD14312E33005592CE /* picsicleAppDelegate.h */,
				7A5393FE14312E33005592CE /* picsicleAppDelegate.m */,
				7A53940014312E34005592CE /* MainWindow.xib */,
				7A53940314312E34005592CE /* picsicleViewController.h */,
				7A53940414312E34005592CE /* picsicleViewController.m */,
				7A53940614312E34005592CE /* picsicleViewController.xib */,
				7A5393F514312E33005592CE /* Supporting Files */,
			);
			path = picsicle;
			sourceTree = "<group>";
		};
		7A5393F514312E33005592CE /* Supporting Files */ = {
			isa = PBXGroup;
			children = (
				7A5393F614312E33005592CE /* picsicle-Info.plist */,
				7A5393F714312E33005592CE /* InfoPlist.strings */,
				7A5393FA14312E33005592CE /* main.m */,
				7A5393FC14312E33005592CE /* picsicle-Prefix.pch */,
			);
			name = "Supporting Files";
			sourceTree = "<group>";
		};
		7A53941614312E34005592CE /* picsicleTests */ = {
			isa = PBXGroup;
			children = (
				7A53941C14312E34005592CE /* picsicleTests.h */,
				7A53941E14312E34005592CE /* picsicleTests.m */,
				7A53941714312E34005592CE /* Supporting Files */,
			);
			path = picsicleTests;
			sourceTree = "<group>";
		};
		7A53941714312E34005592CE /* Supporting Files */ = {
			isa = PBXGroup;
			children = (
				7A53941814312E34005592CE /* picsicleTests-Info.plist */,
				7A53941914312E34005592CE /* InfoPlist.strings */,
			);
			name = "Supporting Files";
			sourceTree = "<group>";
		};
/* End PBXGroup section */

/* Begin PBXNativeTarget section */
		7A5393E914312E33005592CE /* picsicle */ = {
			isa = PBXNativeTarget;
			buildConfigurationList = 7A53942214312E34005592CE /* Build configuration list for PBXNativeTarget "picsicle" */;
			buildPhases = (
				7A5393E614312E33005592CE /* Sources */,
				7A5393E714312E33005592CE /* Frameworks */,
				7A5393E814312E33005592CE /* Resources */,
			);
			buildRules = (
			);
			dependencies = (
			);
			name = picsicle;
			productName = picsicle;
			productReference = 7A5393EA14312E33005592CE /* picsicle.app */;
			productType = "com.apple.product-type.application";
		};
		7A53940D14312E34005592CE /* picsicleTests */ = {
			isa = PBXNativeTarget;
			buildConfigurationList = 7A53942514312E34005592CE /* Build configuration list for PBXNativeTarget "picsicleTests" */;
			buildPhases = (
				7A53940914312E34005592CE /* Sources */,
				7A53940A14312E34005592CE /* Frameworks */,
				7A53940B14312E34005592CE /* Resources */,
				7A53940C14312E34005592CE /* ShellScript */,
			);
			buildRules = (
			);
			dependencies = (
				7A53941514312E34005592CE /* PBXTargetDependency */,
			);
			name = picsicleTests;
			productName = picsicleTests;
			productReference = 7A53940E14312E34005592CE /* picsicleTests.octest */;
			productType = "com.apple.product-type.bundle";
		};
/* End PBXNativeTarget section */

/* Begin PBXProject section */
		7A5393E114312E33005592CE /* Project object */ = {
			isa = PBXProject;
			buildConfigurationList = 7A5393E414312E33005592CE /* Build configuration list for PBXProject "picsicle" */;
			compatibilityVersion = "Xcode 3.2";
			developmentRegion = English;
			hasScannedForEncodings = 0;
			knownRegions = (
				en,
			);
			mainGroup = 7A5393DF14312E33005592CE;
			productRefGroup = 7A5393EB14312E33005592CE /* Products */;
			projectDirPath = "";
			projectRoot = "";
			targets = (
				7A5393E914312E33005592CE /* picsicle */,
				7A53940D14312E34005592CE /* picsicleTests */,
			);
		};
/* End PBXProject section */

/* Begin PBXResourcesBuildPhase section */
		7A5393E814312E33005592CE /* Resources */ = {
			isa = PBXResourcesBuildPhase;
			buildActionMask = 2147483647;
			files = (
				7A5393F914312E33005592CE /* InfoPlist.strings in Resources */,
				7A53940214312E34005592CE /* MainWindow.xib in Resources */,
				7A53940814312E34005592CE /* picsicleViewController.xib in Resources */,
			);
			runOnlyForDeploymentPostprocessing = 0;
		};
		7A53940B14312E34005592CE /* Resources */ = {
			isa = PBXResourcesBuildPhase;
			buildActionMask = 2147483647;
			files = (
				7A53941B14312E34005592CE /* InfoPlist.strings in Resources */,
				7A53941D14312E34005592CE /* picsicleTests.h in Resources */,
			);
			runOnlyForDeploymentPostprocessing = 0;
		};
/* End PBXResourcesBuildPhase section */

/* Begin PBXShellScriptBuildPhase section */
		7A53940C14312E34005592CE /* ShellScript */ = {
			isa = PBXShellScriptBuildPhase;
			buildActionMask = 2147483647;
			files = (
			);
			inputPaths = (
			);
			outputPaths = (
			);
			runOnlyForDeploymentPostprocessing = 0;
			shellPath = /bin/sh;
			shellScript = "# Run the unit tests in this test bundle.\n\"${SYSTEM_DEVELOPER_DIR}/Tools/RunUnitTests\"\n";
		};
/* End PBXShellScriptBuildPhase section */

/* Begin PBXSourcesBuildPhase section */
		7A5393E614312E33005592CE /* Sources */ = {
			isa = PBXSourcesBuildPhase;
			buildActionMask = 2147483647;
			files = (
				7A5393FB14312E33005592CE /* main.m in Sources */,
				7A5393FF14312E33005592CE /* picsicleAppDelegate.m in Sources */,
				7A53940514312E34005592CE /* picsicleViewController.m in Sources */,
			);
			runOnlyForDeploymentPostprocessing = 0;
		};
		7A53940914312E34005592CE /* Sources */ = {
			isa = PBXSourcesBuildPhase;
			buildActionMask = 2147483647;
			files = (
				7A53941F14312E34005592CE /* picsicleTests.m in Sources */,
			);
			runOnlyForDeploymentPostprocessing = 0;
		};
/* End PBXSourcesBuildPhase section */

/* Begin PBXTargetDependency section */
		7A53941514312E34005592CE /* PBXTargetDependency */ = {
			isa = PBXTargetDependency;
			target = 7A5393E914312E33005592CE /* picsicle */;
			targetProxy = 7A53941414312E34005592CE /* PBXContainerItemProxy */;
		};
/* End PBXTargetDependency section */

/* Begin PBXVariantGroup section */
		7A5393F714312E33005592CE /* InfoPlist.strings */ = {
			isa = PBXVariantGroup;
			children = (
				7A5393F814312E33005592CE /* en */,
			);
			name = InfoPlist.strings;
			sourceTree = "<group>";
		};
		7A53940014312E34005592CE /* MainWindow.xib */ = {
			isa = PBXVariantGroup;
			children = (
				7A53940114312E34005592CE /* en */,
			);
			name = MainWindow.xib;
			sourceTree = "<group>";
		};
		7A53940614312E34005592CE /* picsicleViewController.xib */ = {
			isa = PBXVariantGroup;
			children = (
				7A53940714312E34005592CE /* en */,
			);
			name = picsicleViewController.xib;
			sourceTree = "<group>";
		};
		7A53941914312E34005592CE /* InfoPlist.strings */ = {
			isa = PBXVariantGroup;
			children = (
				7A53941A14312E34005592CE /* en */,
			);
			name = InfoPlist.strings;
			sourceTree = "<group>";
		};
/* End PBXVariantGroup section */

/* Begin XCBuildConfiguration section */
		7A53942014312E34005592CE /* Debug */ = {
			isa = XCBuildConfiguration;
			buildSettings = {
				ALWAYS_SEARCH_USER_PATHS = NO;
				ARCHS = "$(ARCHS_STANDARD_32_BIT)";
				"CODE_SIGN_IDENTITY[sdk=iphoneos*]" = "iPhone Developer";
				COPY_PHASE_STRIP = NO;
				GCC_C_LANGUAGE_STANDARD = gnu99;
				GCC_DYNAMIC_NO_PIC = NO;
				GCC_OPTIMIZATION_LEVEL = 0;
				GCC_PREPROCESSOR_DEFINITIONS = (
					"DEBUG=1",
					"$(inherited)",
				);
				GCC_SYMBOLS_PRIVATE_EXTERN = NO;
				GCC_VERSION = com.apple.compilers.llvmgcc42;
				GCC_WARN_ABOUT_MISSING_PROTOTYPES = YES;
				GCC_WARN_ABOUT_RETURN_TYPE = YES;
				GCC_WARN_UNUSED_VARIABLE = YES;
				IPHONEOS_DEPLOYMENT_TARGET = 4.3;
				SDKROOT = iphoneos;
			};
			name = Debug;
		};
		7A53942114312E34005592CE /* Release */ = {
			isa = XCBuildConfiguration;
			buildSettings = {
				ALWAYS_SEARCH_USER_PATHS = NO;
				ARCHS = "$(ARCHS_STANDARD_32_BIT)";
				"CODE_SIGN_IDENTITY[sdk=iphoneos*]" = "iPhone Developer";
				COPY_PHASE_STRIP = YES;
				GCC_C_LANGUAGE_STANDARD = gnu99;
				GCC_VERSION = com.apple.compilers.llvmgcc42;
				GCC_WARN_ABOUT_MISSING_PROTOTYPES = YES;
				GCC_WARN_ABOUT_RETURN_TYPE = YES;
				GCC_WARN_UNUSED_VARIABLE = YES;
				IPHONEOS_DEPLOYMENT_TARGET = 4.3;
				OTHER_CFLAGS = "-DNS_BLOCK_ASSERTIONS=1";
				SDKROOT = iphoneos;
				VALIDATE_PRODUCT = YES;
			};
			name = Release;
		};
		7A53942314312E34005592CE /* Debug */ = {
			isa = XCBuildConfiguration;
			buildSettings = {
				GCC_PRECOMPILE_PREFIX_HEADER = YES;
				GCC_PREFIX_HEADER = "picsicle/picsicle-Prefix.pch";
				INFOPLIST_FILE = "picsicle/picsicle-Info.plist";
				PRODUCT_NAME = "$(TARGET_NAME)";
				WRAPPER_EXTENSION = app;
			};
			name = Debug;
		};
		7A53942414312E34005592CE /* Release */ = {
			isa = XCBuildConfiguration;
			buildSettings = {
				GCC_PRECOMPILE_PREFIX_HEADER = YES;
				GCC_PREFIX_HEADER = "picsicle/picsicle-Prefix.pch";
				INFOPLIST_FILE = "picsicle/picsicle-Info.plist";
				PRODUCT_NAME = "$(TARGET_NAME)";
				WRAPPER_EXTENSION = app;
			};
			name = Release;
		};
		7A53942614312E34005592CE /* Debug */ = {
			isa = XCBuildConfiguration;
			buildSettings = {
				BUNDLE_LOADER = "$(BUILT_PRODUCTS_DIR)/picsicle.app/picsicle";
				FRAMEWORK_SEARCH_PATHS = (
					"$(SDKROOT)/Developer/Library/Frameworks",
					"$(DEVELOPER_LIBRARY_DIR)/Frameworks",
				);
				GCC_PRECOMPILE_PREFIX_HEADER = YES;
				GCC_PREFIX_HEADER = "picsicle/picsicle-Prefix.pch";
				INFOPLIST_FILE = "picsicleTests/picsicleTests-Info.plist";
				PRODUCT_NAME = "$(TARGET_NAME)";
				TEST_HOST = "$(BUNDLE_LOADER)";
				WRAPPER_EXTENSION = octest;
			};
			name = Debug;
		};
		7A53942714312E34005592CE /* Release */ = {
			isa = XCBuildConfiguration;
			buildSettings = {
				BUNDLE_LOADER = "$(BUILT_PRODUCTS_DIR)/picsicle.app/picsicle";
				FRAMEWORK_SEARCH_PATHS = (
					"$(SDKROOT)/Developer/Library/Frameworks",
					"$(DEVELOPER_LIBRARY_DIR)/Frameworks",
				);
				GCC_PRECOMPILE_PREFIX_HEADER = YES;
				GCC_PREFIX_HEADER = "picsicle/picsicle-Prefix.pch";
				INFOPLIST_FILE = "picsicleTests/picsicleTests-Info.plist";
				PRODUCT_NAME = "$(TARGET_NAME)";
				TEST_HOST = "$(BUNDLE_LOADER)";
				WRAPPER_EXTENSION = octest;
			};
			name = Release;
		};
/* End XCBuildConfiguration section */

/* Begin XCConfigurationList section */
		7A5393E414312E33005592CE /* Build configuration list for PBXProject "picsicle" */ = {
			isa = XCConfigurationList;
			buildConfigurations = (
				7A53942014312E34005592CE /* Debug */,
				7A53942114312E34005592CE /* Release */,
			);
			defaultConfigurationIsVisible = 0;
			defaultConfigurationName = Release;
		};
		7A53942214312E34005592CE /* Build configuration list for PBXNativeTarget "picsicle" */ = {
			isa = XCConfigurationList;
			buildConfigurations = (
				7A53942314312E34005592CE /* Debug */,
				7A53942414312E34005592CE /* Release */,
			);
			defaultConfigurationIsVisible = 0;
		};
		7A53942514312E34005592CE /* Build configuration list for PBXNativeTarget "picsicleTests" */ = {
			isa = XCConfigurationList;
			buildConfigurations = (
				7A53942614312E34005592CE /* Debug */,
				7A53942714312E34005592CE /* Release */,
			);
			defaultConfigurationIsVisible = 0;
		};
/* End XCConfigurationList section */
	};
	rootObject = 7A5393E114312E33005592CE /* Project object */;
}
