// !$*UTF8*$!
{
	archiveVersion = 1;
	classes = {
	};
	objectVersion = 46;
	objects = {

/* Begin PBXBuildFile section */
		7A40ED12141920B900A26BF1 /* UIKit.framework in Frameworks */ = {isa = PBXBuildFile; fileRef = 7A40ED11141920B900A26BF1 /* UIKit.framework */; };
		7A40ED14141920B900A26BF1 /* Foundation.framework in Frameworks */ = {isa = PBXBuildFile; fileRef = 7A40ED13141920B900A26BF1 /* Foundation.framework */; };
		7A40ED16141920B900A26BF1 /* CoreGraphics.framework in Frameworks */ = {isa = PBXBuildFile; fileRef = 7A40ED15141920B900A26BF1 /* CoreGraphics.framework */; };
		7A40ED1C141920B900A26BF1 /* InfoPlist.strings in Resources */ = {isa = PBXBuildFile; fileRef = 7A40ED1A141920B900A26BF1 /* InfoPlist.strings */; };
		7A40ED1E141920B900A26BF1 /* main.m in Sources */ = {isa = PBXBuildFile; fileRef = 7A40ED1D141920B900A26BF1 /* main.m */; };
		7A40ED22141920B900A26BF1 /* picsicleAppDelegate.m in Sources */ = {isa = PBXBuildFile; fileRef = 7A40ED21141920B900A26BF1 /* picsicleAppDelegate.m */; };
		7A40ED25141920B900A26BF1 /* MainWindow.xib in Resources */ = {isa = PBXBuildFile; fileRef = 7A40ED23141920B900A26BF1 /* MainWindow.xib */; };
		7A40ED28141920B900A26BF1 /* picsicleViewController.m in Sources */ = {isa = PBXBuildFile; fileRef = 7A40ED27141920B900A26BF1 /* picsicleViewController.m */; };
		7A40ED2B141920B900A26BF1 /* picsicleViewController.xib in Resources */ = {isa = PBXBuildFile; fileRef = 7A40ED29141920B900A26BF1 /* picsicleViewController.xib */; };
		7A40ED33141920B900A26BF1 /* SenTestingKit.framework in Frameworks */ = {isa = PBXBuildFile; fileRef = 7A40ED32141920B900A26BF1 /* SenTestingKit.framework */; };
		7A40ED34141920B900A26BF1 /* UIKit.framework in Frameworks */ = {isa = PBXBuildFile; fileRef = 7A40ED11141920B900A26BF1 /* UIKit.framework */; };
		7A40ED35141920B900A26BF1 /* Foundation.framework in Frameworks */ = {isa = PBXBuildFile; fileRef = 7A40ED13141920B900A26BF1 /* Foundation.framework */; };
		7A40ED36141920B900A26BF1 /* CoreGraphics.framework in Frameworks */ = {isa = PBXBuildFile; fileRef = 7A40ED15141920B900A26BF1 /* CoreGraphics.framework */; };
		7A40ED3E141920B900A26BF1 /* InfoPlist.strings in Resources */ = {isa = PBXBuildFile; fileRef = 7A40ED3C141920B900A26BF1 /* InfoPlist.strings */; };
		7A40ED40141920B900A26BF1 /* picsicleTests.h in Resources */ = {isa = PBXBuildFile; fileRef = 7A40ED3F141920B900A26BF1 /* picsicleTests.h */; };
		7A40ED42141920B900A26BF1 /* picsicleTests.m in Sources */ = {isa = PBXBuildFile; fileRef = 7A40ED41141920B900A26BF1 /* picsicleTests.m */; };
		7A40ED4C141966EF00A26BF1 /* MobileCoreServices.framework in Frameworks */ = {isa = PBXBuildFile; fileRef = 7A40ED4B141966EF00A26BF1 /* MobileCoreServices.framework */; };
/* End PBXBuildFile section */

/* Begin PBXContainerItemProxy section */
		7A40ED37141920B900A26BF1 /* PBXContainerItemProxy */ = {
			isa = PBXContainerItemProxy;
			containerPortal = 7A40ED04141920B900A26BF1 /* Project object */;
			proxyType = 1;
			remoteGlobalIDString = 7A40ED0C141920B900A26BF1;
			remoteInfo = picsicle;
		};
/* End PBXContainerItemProxy section */

/* Begin PBXFileReference section */
		7A40ED0D141920B900A26BF1 /* picsicle.app */ = {isa = PBXFileReference; explicitFileType = wrapper.application; includeInIndex = 0; path = picsicle.app; sourceTree = BUILT_PRODUCTS_DIR; };
		7A40ED11141920B900A26BF1 /* UIKit.framework */ = {isa = PBXFileReference; lastKnownFileType = wrapper.framework; name = UIKit.framework; path = System/Library/Frameworks/UIKit.framework; sourceTree = SDKROOT; };
		7A40ED13141920B900A26BF1 /* Foundation.framework */ = {isa = PBXFileReference; lastKnownFileType = wrapper.framework; name = Foundation.framework; path = System/Library/Frameworks/Foundation.framework; sourceTree = SDKROOT; };
		7A40ED15141920B900A26BF1 /* CoreGraphics.framework */ = {isa = PBXFileReference; lastKnownFileType = wrapper.framework; name = CoreGraphics.framework; path = System/Library/Frameworks/CoreGraphics.framework; sourceTree = SDKROOT; };
		7A40ED19141920B900A26BF1 /* picsicle-Info.plist */ = {isa = PBXFileReference; lastKnownFileType = text.plist.xml; path = "picsicle-Info.plist"; sourceTree = "<group>"; };
		7A40ED1B141920B900A26BF1 /* en */ = {isa = PBXFileReference; lastKnownFileType = text.plist.strings; name = en; path = en.lproj/InfoPlist.strings; sourceTree = "<group>"; };
		7A40ED1D141920B900A26BF1 /* main.m */ = {isa = PBXFileReference; lastKnownFileType = sourcecode.c.objc; path = main.m; sourceTree = "<group>"; };
		7A40ED1F141920B900A26BF1 /* picsicle-Prefix.pch */ = {isa = PBXFileReference; lastKnownFileType = sourcecode.c.h; path = "picsicle-Prefix.pch"; sourceTree = "<group>"; };
		7A40ED20141920B900A26BF1 /* picsicleAppDelegate.h */ = {isa = PBXFileReference; lastKnownFileType = sourcecode.c.h; path = picsicleAppDelegate.h; sourceTree = "<group>"; };
		7A40ED21141920B900A26BF1 /* picsicleAppDelegate.m */ = {isa = PBXFileReference; lastKnownFileType = sourcecode.c.objc; path = picsicleAppDelegate.m; sourceTree = "<group>"; };
		7A40ED24141920B900A26BF1 /* en */ = {isa = PBXFileReference; lastKnownFileType = file.xib; name = en; path = en.lproj/MainWindow.xib; sourceTree = "<group>"; };
		7A40ED26141920B900A26BF1 /* picsicleViewController.h */ = {isa = PBXFileReference; lastKnownFileType = sourcecode.c.h; path = picsicleViewController.h; sourceTree = "<group>"; };
		7A40ED27141920B900A26BF1 /* picsicleViewController.m */ = {isa = PBXFileReference; lastKnownFileType = sourcecode.c.objc; path = picsicleViewController.m; sourceTree = "<group>"; };
		7A40ED2A141920B900A26BF1 /* en */ = {isa = PBXFileReference; lastKnownFileType = file.xib; name = en; path = en.lproj/picsicleViewController.xib; sourceTree = "<group>"; };
		7A40ED31141920B900A26BF1 /* picsicleTests.octest */ = {isa = PBXFileReference; explicitFileType = wrapper.cfbundle; includeInIndex = 0; path = picsicleTests.octest; sourceTree = BUILT_PRODUCTS_DIR; };
		7A40ED32141920B900A26BF1 /* SenTestingKit.framework */ = {isa = PBXFileReference; lastKnownFileType = wrapper.framework; name = SenTestingKit.framework; path = Library/Frameworks/SenTestingKit.framework; sourceTree = DEVELOPER_DIR; };
		7A40ED3B141920B900A26BF1 /* picsicleTests-Info.plist */ = {isa = PBXFileReference; lastKnownFileType = text.plist.xml; path = "picsicleTests-Info.plist"; sourceTree = "<group>"; };
		7A40ED3D141920B900A26BF1 /* en */ = {isa = PBXFileReference; lastKnownFileType = text.plist.strings; name = en; path = en.lproj/InfoPlist.strings; sourceTree = "<group>"; };
		7A40ED3F141920B900A26BF1 /* picsicleTests.h */ = {isa = PBXFileReference; lastKnownFileType = sourcecode.c.h; path = picsicleTests.h; sourceTree = "<group>"; };
		7A40ED41141920B900A26BF1 /* picsicleTests.m */ = {isa = PBXFileReference; lastKnownFileType = sourcecode.c.objc; path = picsicleTests.m; sourceTree = "<group>"; };
		7A40ED4B141966EF00A26BF1 /* MobileCoreServices.framework */ = {isa = PBXFileReference; lastKnownFileType = wrapper.framework; name = MobileCoreServices.framework; path = System/Library/Frameworks/MobileCoreServices.framework; sourceTree = SDKROOT; };
/* End PBXFileReference section */

/* Begin PBXFrameworksBuildPhase section */
		7A40ED0A141920B900A26BF1 /* Frameworks */ = {
			isa = PBXFrameworksBuildPhase;
			buildActionMask = 2147483647;
			files = (
				7A40ED4C141966EF00A26BF1 /* MobileCoreServices.framework in Frameworks */,
				7A40ED12141920B900A26BF1 /* UIKit.framework in Frameworks */,
				7A40ED14141920B900A26BF1 /* Foundation.framework in Frameworks */,
				7A40ED16141920B900A26BF1 /* CoreGraphics.framework in Frameworks */,
			);
			runOnlyForDeploymentPostprocessing = 0;
		};
		7A40ED2D141920B900A26BF1 /* Frameworks */ = {
			isa = PBXFrameworksBuildPhase;
			buildActionMask = 2147483647;
			files = (
				7A40ED33141920B900A26BF1 /* SenTestingKit.framework in Frameworks */,
				7A40ED34141920B900A26BF1 /* UIKit.framework in Frameworks */,
				7A40ED35141920B900A26BF1 /* Foundation.framework in Frameworks */,
				7A40ED36141920B900A26BF1 /* CoreGraphics.framework in Frameworks */,
			);
			runOnlyForDeploymentPostprocessing = 0;
		};
/* End PBXFrameworksBuildPhase section */

/* Begin PBXGroup section */
		7A40ED02141920B900A26BF1 = {
			isa = PBXGroup;
			children = (
				7A40ED4B141966EF00A26BF1 /* MobileCoreServices.framework */,
				7A40ED17141920B900A26BF1 /* picsicle */,
				7A40ED39141920B900A26BF1 /* picsicleTests */,
				7A40ED10141920B900A26BF1 /* Frameworks */,
				7A40ED0E141920B900A26BF1 /* Products */,
			);
			sourceTree = "<group>";
		};
		7A40ED0E141920B900A26BF1 /* Products */ = {
			isa = PBXGroup;
			children = (
				7A40ED0D141920B900A26BF1 /* picsicle.app */,
				7A40ED31141920B900A26BF1 /* picsicleTests.octest */,
			);
			name = Products;
			sourceTree = "<group>";
		};
		7A40ED10141920B900A26BF1 /* Frameworks */ = {
			isa = PBXGroup;
			children = (
				7A40ED11141920B900A26BF1 /* UIKit.framework */,
				7A40ED13141920B900A26BF1 /* Foundation.framework */,
				7A40ED15141920B900A26BF1 /* CoreGraphics.framework */,
				7A40ED32141920B900A26BF1 /* SenTestingKit.framework */,
			);
			name = Frameworks;
			sourceTree = "<group>";
		};
		7A40ED17141920B900A26BF1 /* picsicle */ = {
			isa = PBXGroup;
			children = (
				7A40ED20141920B900A26BF1 /* picsicleAppDelegate.h */,
				7A40ED21141920B900A26BF1 /* picsicleAppDelegate.m */,
				7A40ED23141920B900A26BF1 /* MainWindow.xib */,
				7A40ED26141920B900A26BF1 /* picsicleViewController.h */,
				7A40ED27141920B900A26BF1 /* picsicleViewController.m */,
				7A40ED29141920B900A26BF1 /* picsicleViewController.xib */,
				7A40ED18141920B900A26BF1 /* Supporting Files */,
			);
			path = picsicle;
			sourceTree = "<group>";
		};
		7A40ED18141920B900A26BF1 /* Supporting Files */ = {
			isa = PBXGroup;
			children = (
				7A40ED19141920B900A26BF1 /* picsicle-Info.plist */,
				7A40ED1A141920B900A26BF1 /* InfoPlist.strings */,
				7A40ED1D141920B900A26BF1 /* main.m */,
				7A40ED1F141920B900A26BF1 /* picsicle-Prefix.pch */,
			);
			name = "Supporting Files";
			sourceTree = "<group>";
		};
		7A40ED39141920B900A26BF1 /* picsicleTests */ = {
			isa = PBXGroup;
			children = (
				7A40ED3F141920B900A26BF1 /* picsicleTests.h */,
				7A40ED41141920B900A26BF1 /* picsicleTests.m */,
				7A40ED3A141920B900A26BF1 /* Supporting Files */,
			);
			path = picsicleTests;
			sourceTree = "<group>";
		};
		7A40ED3A141920B900A26BF1 /* Supporting Files */ = {
			isa = PBXGroup;
			children = (
				7A40ED3B141920B900A26BF1 /* picsicleTests-Info.plist */,
				7A40ED3C141920B900A26BF1 /* InfoPlist.strings */,
			);
			name = "Supporting Files";
			sourceTree = "<group>";
		};
/* End PBXGroup section */

/* Begin PBXNativeTarget section */
		7A40ED0C141920B900A26BF1 /* picsicle */ = {
			isa = PBXNativeTarget;
			buildConfigurationList = 7A40ED45141920B900A26BF1 /* Build configuration list for PBXNativeTarget "picsicle" */;
			buildPhases = (
				7A40ED09141920B900A26BF1 /* Sources */,
				7A40ED0A141920B900A26BF1 /* Frameworks */,
				7A40ED0B141920B900A26BF1 /* Resources */,
			);
			buildRules = (
			);
			dependencies = (
			);
			name = picsicle;
			productName = picsicle;
			productReference = 7A40ED0D141920B900A26BF1 /* picsicle.app */;
			productType = "com.apple.product-type.application";
		};
		7A40ED30141920B900A26BF1 /* picsicleTests */ = {
			isa = PBXNativeTarget;
			buildConfigurationList = 7A40ED48141920B900A26BF1 /* Build configuration list for PBXNativeTarget "picsicleTests" */;
			buildPhases = (
				7A40ED2C141920B900A26BF1 /* Sources */,
				7A40ED2D141920B900A26BF1 /* Frameworks */,
				7A40ED2E141920B900A26BF1 /* Resources */,
				7A40ED2F141920B900A26BF1 /* ShellScript */,
			);
			buildRules = (
			);
			dependencies = (
				7A40ED38141920B900A26BF1 /* PBXTargetDependency */,
			);
			name = picsicleTests;
			productName = picsicleTests;
			productReference = 7A40ED31141920B900A26BF1 /* picsicleTests.octest */;
			productType = "com.apple.product-type.bundle";
		};
/* End PBXNativeTarget section */

/* Begin PBXProject section */
		7A40ED04141920B900A26BF1 /* Project object */ = {
			isa = PBXProject;
			buildConfigurationList = 7A40ED07141920B900A26BF1 /* Build configuration list for PBXProject "picsicle" */;
			compatibilityVersion = "Xcode 3.2";
			developmentRegion = English;
			hasScannedForEncodings = 0;
			knownRegions = (
				en,
			);
			mainGroup = 7A40ED02141920B900A26BF1;
			productRefGroup = 7A40ED0E141920B900A26BF1 /* Products */;
			projectDirPath = "";
			projectRoot = "";
			targets = (
				7A40ED0C141920B900A26BF1 /* picsicle */,
				7A40ED30141920B900A26BF1 /* picsicleTests */,
			);
		};
/* End PBXProject section */

/* Begin PBXResourcesBuildPhase section */
		7A40ED0B141920B900A26BF1 /* Resources */ = {
			isa = PBXResourcesBuildPhase;
			buildActionMask = 2147483647;
			files = (
				7A40ED1C141920B900A26BF1 /* InfoPlist.strings in Resources */,
				7A40ED25141920B900A26BF1 /* MainWindow.xib in Resources */,
				7A40ED2B141920B900A26BF1 /* picsicleViewController.xib in Resources */,
			);
			runOnlyForDeploymentPostprocessing = 0;
		};
		7A40ED2E141920B900A26BF1 /* Resources */ = {
			isa = PBXResourcesBuildPhase;
			buildActionMask = 2147483647;
			files = (
				7A40ED3E141920B900A26BF1 /* InfoPlist.strings in Resources */,
				7A40ED40141920B900A26BF1 /* picsicleTests.h in Resources */,
			);
			runOnlyForDeploymentPostprocessing = 0;
		};
/* End PBXResourcesBuildPhase section */

/* Begin PBXShellScriptBuildPhase section */
		7A40ED2F141920B900A26BF1 /* ShellScript */ = {
			isa = PBXShellScriptBuildPhase;
			buildActionMask = 2147483647;
			files = (
			);
			inputPaths = (
			);
			outputPaths = (
			);
			runOnlyForDeploymentPostprocessing = 0;
			shellPath = /bin/sh;
			shellScript = "# Run the unit tests in this test bundle.\n\"${SYSTEM_DEVELOPER_DIR}/Tools/RunUnitTests\"\n";
		};
/* End PBXShellScriptBuildPhase section */

/* Begin PBXSourcesBuildPhase section */
		7A40ED09141920B900A26BF1 /* Sources */ = {
			isa = PBXSourcesBuildPhase;
			buildActionMask = 2147483647;
			files = (
				7A40ED1E141920B900A26BF1 /* main.m in Sources */,
				7A40ED22141920B900A26BF1 /* picsicleAppDelegate.m in Sources */,
				7A40ED28141920B900A26BF1 /* picsicleViewController.m in Sources */,
			);
			runOnlyForDeploymentPostprocessing = 0;
		};
		7A40ED2C141920B900A26BF1 /* Sources */ = {
			isa = PBXSourcesBuildPhase;
			buildActionMask = 2147483647;
			files = (
				7A40ED42141920B900A26BF1 /* picsicleTests.m in Sources */,
			);
			runOnlyForDeploymentPostprocessing = 0;
		};
/* End PBXSourcesBuildPhase section */

/* Begin PBXTargetDependency section */
		7A40ED38141920B900A26BF1 /* PBXTargetDependency */ = {
			isa = PBXTargetDependency;
			target = 7A40ED0C141920B900A26BF1 /* picsicle */;
			targetProxy = 7A40ED37141920B900A26BF1 /* PBXContainerItemProxy */;
		};
/* End PBXTargetDependency section */

/* Begin PBXVariantGroup section */
		7A40ED1A141920B900A26BF1 /* InfoPlist.strings */ = {
			isa = PBXVariantGroup;
			children = (
				7A40ED1B141920B900A26BF1 /* en */,
			);
			name = InfoPlist.strings;
			sourceTree = "<group>";
		};
		7A40ED23141920B900A26BF1 /* MainWindow.xib */ = {
			isa = PBXVariantGroup;
			children = (
				7A40ED24141920B900A26BF1 /* en */,
			);
			name = MainWindow.xib;
			sourceTree = "<group>";
		};
		7A40ED29141920B900A26BF1 /* picsicleViewController.xib */ = {
			isa = PBXVariantGroup;
			children = (
				7A40ED2A141920B900A26BF1 /* en */,
			);
			name = picsicleViewController.xib;
			sourceTree = "<group>";
		};
		7A40ED3C141920B900A26BF1 /* InfoPlist.strings */ = {
			isa = PBXVariantGroup;
			children = (
				7A40ED3D141920B900A26BF1 /* en */,
			);
			name = InfoPlist.strings;
			sourceTree = "<group>";
		};
/* End PBXVariantGroup section */

/* Begin XCBuildConfiguration section */
		7A40ED43141920B900A26BF1 /* Debug */ = {
			isa = XCBuildConfiguration;
			buildSettings = {
				ALWAYS_SEARCH_USER_PATHS = NO;
				ARCHS = "$(ARCHS_STANDARD_32_BIT)";
				"CODE_SIGN_IDENTITY[sdk=iphoneos*]" = "iPhone Developer";
				COPY_PHASE_STRIP = NO;
				GCC_C_LANGUAGE_STANDARD = gnu99;
				GCC_DYNAMIC_NO_PIC = NO;
				GCC_OPTIMIZATION_LEVEL = 0;
				GCC_PREPROCESSOR_DEFINITIONS = (
					"DEBUG=1",
					"$(inherited)",
				);
				GCC_SYMBOLS_PRIVATE_EXTERN = NO;
				GCC_VERSION = com.apple.compilers.llvmgcc42;
				GCC_WARN_ABOUT_MISSING_PROTOTYPES = YES;
				GCC_WARN_ABOUT_RETURN_TYPE = YES;
				GCC_WARN_UNUSED_VARIABLE = YES;
				IPHONEOS_DEPLOYMENT_TARGET = 4.3;
				SDKROOT = iphoneos;
			};
			name = Debug;
		};
		7A40ED44141920B900A26BF1 /* Release */ = {
			isa = XCBuildConfiguration;
			buildSettings = {
				ALWAYS_SEARCH_USER_PATHS = NO;
				ARCHS = "$(ARCHS_STANDARD_32_BIT)";
				"CODE_SIGN_IDENTITY[sdk=iphoneos*]" = "iPhone Developer";
				COPY_PHASE_STRIP = YES;
				GCC_C_LANGUAGE_STANDARD = gnu99;
				GCC_VERSION = com.apple.compilers.llvmgcc42;
				GCC_WARN_ABOUT_MISSING_PROTOTYPES = YES;
				GCC_WARN_ABOUT_RETURN_TYPE = YES;
				GCC_WARN_UNUSED_VARIABLE = YES;
				IPHONEOS_DEPLOYMENT_TARGET = 4.3;
				OTHER_CFLAGS = "-DNS_BLOCK_ASSERTIONS=1";
				SDKROOT = iphoneos;
				VALIDATE_PRODUCT = YES;
			};
			name = Release;
		};
		7A40ED46141920B900A26BF1 /* Debug */ = {
			isa = XCBuildConfiguration;
			buildSettings = {
				GCC_PRECOMPILE_PREFIX_HEADER = YES;
				GCC_PREFIX_HEADER = "picsicle/picsicle-Prefix.pch";
				INFOPLIST_FILE = "picsicle/picsicle-Info.plist";
				PRODUCT_NAME = "$(TARGET_NAME)";
				WRAPPER_EXTENSION = app;
			};
			name = Debug;
		};
		7A40ED47141920B900A26BF1 /* Release */ = {
			isa = XCBuildConfiguration;
			buildSettings = {
				GCC_PRECOMPILE_PREFIX_HEADER = YES;
				GCC_PREFIX_HEADER = "picsicle/picsicle-Prefix.pch";
				INFOPLIST_FILE = "picsicle/picsicle-Info.plist";
				PRODUCT_NAME = "$(TARGET_NAME)";
				WRAPPER_EXTENSION = app;
			};
			name = Release;
		};
		7A40ED49141920B900A26BF1 /* Debug */ = {
			isa = XCBuildConfiguration;
			buildSettings = {
				BUNDLE_LOADER = "$(BUILT_PRODUCTS_DIR)/picsicle.app/picsicle";
				FRAMEWORK_SEARCH_PATHS = (
					"$(SDKROOT)/Developer/Library/Frameworks",
					"$(DEVELOPER_LIBRARY_DIR)/Frameworks",
				);
				GCC_PRECOMPILE_PREFIX_HEADER = YES;
				GCC_PREFIX_HEADER = "picsicle/picsicle-Prefix.pch";
				INFOPLIST_FILE = "picsicleTests/picsicleTests-Info.plist";
				PRODUCT_NAME = "$(TARGET_NAME)";
				TEST_HOST = "$(BUNDLE_LOADER)";
				WRAPPER_EXTENSION = octest;
			};
			name = Debug;
		};
		7A40ED4A141920B900A26BF1 /* Release */ = {
			isa = XCBuildConfiguration;
			buildSettings = {
				BUNDLE_LOADER = "$(BUILT_PRODUCTS_DIR)/picsicle.app/picsicle";
				FRAMEWORK_SEARCH_PATHS = (
					"$(SDKROOT)/Developer/Library/Frameworks",
					"$(DEVELOPER_LIBRARY_DIR)/Frameworks",
				);
				GCC_PRECOMPILE_PREFIX_HEADER = YES;
				GCC_PREFIX_HEADER = "picsicle/picsicle-Prefix.pch";
				INFOPLIST_FILE = "picsicleTests/picsicleTests-Info.plist";
				PRODUCT_NAME = "$(TARGET_NAME)";
				TEST_HOST = "$(BUNDLE_LOADER)";
				WRAPPER_EXTENSION = octest;
			};
			name = Release;
		};
/* End XCBuildConfiguration section */

/* Begin XCConfigurationList section */
		7A40ED07141920B900A26BF1 /* Build configuration list for PBXProject "picsicle" */ = {
			isa = XCConfigurationList;
			buildConfigurations = (
				7A40ED43141920B900A26BF1 /* Debug */,
				7A40ED44141920B900A26BF1 /* Release */,
			);
			defaultConfigurationIsVisible = 0;
			defaultConfigurationName = Release;
		};
		7A40ED45141920B900A26BF1 /* Build configuration list for PBXNativeTarget "picsicle" */ = {
			isa = XCConfigurationList;
			buildConfigurations = (
				7A40ED46141920B900A26BF1 /* Debug */,
				7A40ED47141920B900A26BF1 /* Release */,
			);
			defaultConfigurationIsVisible = 0;
		};
		7A40ED48141920B900A26BF1 /* Build configuration list for PBXNativeTarget "picsicleTests" */ = {
			isa = XCConfigurationList;
			buildConfigurations = (
				7A40ED49141920B900A26BF1 /* Debug */,
				7A40ED4A141920B900A26BF1 /* Release */,
			);
			defaultConfigurationIsVisible = 0;
		};
/* End XCConfigurationList section */
	};
	rootObject = 7A40ED04141920B900A26BF1 /* Project object */;
}
