// !$*UTF8*$!
{
	archiveVersion = 1;
	classes = {
	};
	objectVersion = 46;
	objects = {

/* Begin PBXBuildFile section */
		7A1C4C8F142BEA4E003F14B7 /* UIKit.framework in Frameworks */ = {isa = PBXBuildFile; fileRef = 7A1C4C8E142BEA4E003F14B7 /* UIKit.framework */; };
		7A1C4C91142BEA4E003F14B7 /* Foundation.framework in Frameworks */ = {isa = PBXBuildFile; fileRef = 7A1C4C90142BEA4E003F14B7 /* Foundation.framework */; };
		7A1C4C93142BEA4E003F14B7 /* CoreGraphics.framework in Frameworks */ = {isa = PBXBuildFile; fileRef = 7A1C4C92142BEA4E003F14B7 /* CoreGraphics.framework */; };
		7A1C4C99142BEA4E003F14B7 /* InfoPlist.strings in Resources */ = {isa = PBXBuildFile; fileRef = 7A1C4C97142BEA4E003F14B7 /* InfoPlist.strings */; };
		7A1C4C9B142BEA4E003F14B7 /* main.m in Sources */ = {isa = PBXBuildFile; fileRef = 7A1C4C9A142BEA4E003F14B7 /* main.m */; };
		7A1C4C9F142BEA4E003F14B7 /* picsicAppDelegate.m in Sources */ = {isa = PBXBuildFile; fileRef = 7A1C4C9E142BEA4E003F14B7 /* picsicAppDelegate.m */; };
		7A1C4CA2142BEA4E003F14B7 /* MainWindow.xib in Resources */ = {isa = PBXBuildFile; fileRef = 7A1C4CA0142BEA4E003F14B7 /* MainWindow.xib */; };
		7A1C4CA5142BEA4E003F14B7 /* RootViewController.m in Sources */ = {isa = PBXBuildFile; fileRef = 7A1C4CA4142BEA4E003F14B7 /* RootViewController.m */; };
		7A1C4CA8142BEA4E003F14B7 /* RootViewController.xib in Resources */ = {isa = PBXBuildFile; fileRef = 7A1C4CA6142BEA4E003F14B7 /* RootViewController.xib */; };
		7A1C4CB0142BEA4E003F14B7 /* SenTestingKit.framework in Frameworks */ = {isa = PBXBuildFile; fileRef = 7A1C4CAF142BEA4E003F14B7 /* SenTestingKit.framework */; };
		7A1C4CB1142BEA4E003F14B7 /* UIKit.framework in Frameworks */ = {isa = PBXBuildFile; fileRef = 7A1C4C8E142BEA4E003F14B7 /* UIKit.framework */; };
		7A1C4CB2142BEA4E003F14B7 /* Foundation.framework in Frameworks */ = {isa = PBXBuildFile; fileRef = 7A1C4C90142BEA4E003F14B7 /* Foundation.framework */; };
		7A1C4CB3142BEA4E003F14B7 /* CoreGraphics.framework in Frameworks */ = {isa = PBXBuildFile; fileRef = 7A1C4C92142BEA4E003F14B7 /* CoreGraphics.framework */; };
		7A1C4CBB142BEA4E003F14B7 /* InfoPlist.strings in Resources */ = {isa = PBXBuildFile; fileRef = 7A1C4CB9142BEA4E003F14B7 /* InfoPlist.strings */; };
		7A1C4CBD142BEA4E003F14B7 /* picsicTests.h in Resources */ = {isa = PBXBuildFile; fileRef = 7A1C4CBC142BEA4E003F14B7 /* picsicTests.h */; };
		7A1C4CBF142BEA4E003F14B7 /* picsicTests.m in Sources */ = {isa = PBXBuildFile; fileRef = 7A1C4CBE142BEA4E003F14B7 /* picsicTests.m */; };
/* End PBXBuildFile section */

/* Begin PBXContainerItemProxy section */
		7A1C4CB4142BEA4E003F14B7 /* PBXContainerItemProxy */ = {
			isa = PBXContainerItemProxy;
			containerPortal = 7A1C4C81142BEA4D003F14B7 /* Project object */;
			proxyType = 1;
			remoteGlobalIDString = 7A1C4C89142BEA4E003F14B7;
			remoteInfo = picsic;
		};
/* End PBXContainerItemProxy section */

/* Begin PBXFileReference section */
		7A1C4C8A142BEA4E003F14B7 /* picsic.app */ = {isa = PBXFileReference; explicitFileType = wrapper.application; includeInIndex = 0; path = picsic.app; sourceTree = BUILT_PRODUCTS_DIR; };
		7A1C4C8E142BEA4E003F14B7 /* UIKit.framework */ = {isa = PBXFileReference; lastKnownFileType = wrapper.framework; name = UIKit.framework; path = System/Library/Frameworks/UIKit.framework; sourceTree = SDKROOT; };
		7A1C4C90142BEA4E003F14B7 /* Foundation.framework */ = {isa = PBXFileReference; lastKnownFileType = wrapper.framework; name = Foundation.framework; path = System/Library/Frameworks/Foundation.framework; sourceTree = SDKROOT; };
		7A1C4C92142BEA4E003F14B7 /* CoreGraphics.framework */ = {isa = PBXFileReference; lastKnownFileType = wrapper.framework; name = CoreGraphics.framework; path = System/Library/Frameworks/CoreGraphics.framework; sourceTree = SDKROOT; };
		7A1C4C96142BEA4E003F14B7 /* picsic-Info.plist */ = {isa = PBXFileReference; path = "picsic-Info.plist"; sourceTree = "<group>"; };
		7A1C4C98142BEA4E003F14B7 /* en */ = {isa = PBXFileReference; lastKnownFileType = text.plist.strings; name = en; path = en.lproj/InfoPlist.strings; sourceTree = "<group>"; };
		7A1C4C9A142BEA4E003F14B7 /* main.m */ = {isa = PBXFileReference; lastKnownFileType = sourcecode.c.objc; path = main.m; sourceTree = "<group>"; };
		7A1C4C9C142BEA4E003F14B7 /* picsic-Prefix.pch */ = {isa = PBXFileReference; path = "picsic-Prefix.pch"; sourceTree = "<group>"; };
		7A1C4C9D142BEA4E003F14B7 /* picsicAppDelegate.h */ = {isa = PBXFileReference; path = picsicAppDelegate.h; sourceTree = "<group>"; };
		7A1C4C9E142BEA4E003F14B7 /* picsicAppDelegate.m */ = {isa = PBXFileReference; lastKnownFileType = sourcecode.c.objc; path = picsicAppDelegate.m; sourceTree = "<group>"; };
		7A1C4CA1142BEA4E003F14B7 /* en */ = {isa = PBXFileReference; lastKnownFileType = file.xib; name = en; path = en.lproj/MainWindow.xib; sourceTree = "<group>"; };
		7A1C4CA3142BEA4E003F14B7 /* RootViewController.h */ = {isa = PBXFileReference; path = RootViewController.h; sourceTree = "<group>"; };
		7A1C4CA4142BEA4E003F14B7 /* RootViewController.m */ = {isa = PBXFileReference; lastKnownFileType = sourcecode.c.objc; path = RootViewController.m; sourceTree = "<group>"; };
		7A1C4CA7142BEA4E003F14B7 /* en */ = {isa = PBXFileReference; lastKnownFileType = file.xib; name = en; path = en.lproj/RootViewController.xib; sourceTree = "<group>"; };
		7A1C4CAE142BEA4E003F14B7 /* picsicTests.octest */ = {isa = PBXFileReference; explicitFileType = wrapper.cfbundle; includeInIndex = 0; path = picsicTests.octest; sourceTree = BUILT_PRODUCTS_DIR; };
		7A1C4CAF142BEA4E003F14B7 /* SenTestingKit.framework */ = {isa = PBXFileReference; lastKnownFileType = wrapper.framework; name = SenTestingKit.framework; path = Library/Frameworks/SenTestingKit.framework; sourceTree = DEVELOPER_DIR; };
		7A1C4CB8142BEA4E003F14B7 /* picsicTests-Info.plist */ = {isa = PBXFileReference; path = "picsicTests-Info.plist"; sourceTree = "<group>"; };
		7A1C4CBA142BEA4E003F14B7 /* en */ = {isa = PBXFileReference; lastKnownFileType = text.plist.strings; name = en; path = en.lproj/InfoPlist.strings; sourceTree = "<group>"; };
		7A1C4CBC142BEA4E003F14B7 /* picsicTests.h */ = {isa = PBXFileReference; lastKnownFileType = sourcecode.c.h; path = picsicTests.h; sourceTree = "<group>"; };
		7A1C4CBE142BEA4E003F14B7 /* picsicTests.m */ = {isa = PBXFileReference; lastKnownFileType = sourcecode.c.objc; path = picsicTests.m; sourceTree = "<group>"; };
/* End PBXFileReference section */

/* Begin PBXFrameworksBuildPhase section */
		7A1C4C87142BEA4E003F14B7 /* Frameworks */ = {
			isa = PBXFrameworksBuildPhase;
			buildActionMask = 2147483647;
			files = (
				7A1C4C8F142BEA4E003F14B7 /* UIKit.framework in Frameworks */,
				7A1C4C91142BEA4E003F14B7 /* Foundation.framework in Frameworks */,
				7A1C4C93142BEA4E003F14B7 /* CoreGraphics.framework in Frameworks */,
			);
			runOnlyForDeploymentPostprocessing = 0;
		};
		7A1C4CAA142BEA4E003F14B7 /* Frameworks */ = {
			isa = PBXFrameworksBuildPhase;
			buildActionMask = 2147483647;
			files = (
				7A1C4CB0142BEA4E003F14B7 /* SenTestingKit.framework in Frameworks */,
				7A1C4CB1142BEA4E003F14B7 /* UIKit.framework in Frameworks */,
				7A1C4CB2142BEA4E003F14B7 /* Foundation.framework in Frameworks */,
				7A1C4CB3142BEA4E003F14B7 /* CoreGraphics.framework in Frameworks */,
			);
			runOnlyForDeploymentPostprocessing = 0;
		};
/* End PBXFrameworksBuildPhase section */

/* Begin PBXGroup section */
		7A1C4C7F142BEA4D003F14B7 = {
			isa = PBXGroup;
			children = (
				7A1C4C94142BEA4E003F14B7 /* picsic */,
				7A1C4CB6142BEA4E003F14B7 /* picsicTests */,
				7A1C4C8D142BEA4E003F14B7 /* Frameworks */,
				7A1C4C8B142BEA4E003F14B7 /* Products */,
			);
			sourceTree = "<group>";
		};
		7A1C4C8B142BEA4E003F14B7 /* Products */ = {
			isa = PBXGroup;
			children = (
				7A1C4C8A142BEA4E003F14B7 /* picsic.app */,
				7A1C4CAE142BEA4E003F14B7 /* picsicTests.octest */,
			);
			name = Products;
			sourceTree = "<group>";
		};
		7A1C4C8D142BEA4E003F14B7 /* Frameworks */ = {
			isa = PBXGroup;
			children = (
				7A1C4C8E142BEA4E003F14B7 /* UIKit.framework */,
				7A1C4C90142BEA4E003F14B7 /* Foundation.framework */,
				7A1C4C92142BEA4E003F14B7 /* CoreGraphics.framework */,
				7A1C4CAF142BEA4E003F14B7 /* SenTestingKit.framework */,
			);
			name = Frameworks;
			sourceTree = "<group>";
		};
		7A1C4C94142BEA4E003F14B7 /* picsic */ = {
			isa = PBXGroup;
			children = (
				7A1C4C9D142BEA4E003F14B7 /* picsicAppDelegate.h */,
				7A1C4C9E142BEA4E003F14B7 /* picsicAppDelegate.m */,
				7A1C4CA0142BEA4E003F14B7 /* MainWindow.xib */,
				7A1C4CA3142BEA4E003F14B7 /* RootViewController.h */,
				7A1C4CA4142BEA4E003F14B7 /* RootViewController.m */,
				7A1C4CA6142BEA4E003F14B7 /* RootViewController.xib */,
				7A1C4C95142BEA4E003F14B7 /* Supporting Files */,
			);
			path = picsic;
			sourceTree = "<group>";
		};
		7A1C4C95142BEA4E003F14B7 /* Supporting Files */ = {
			isa = PBXGroup;
			children = (
				7A1C4C96142BEA4E003F14B7 /* picsic-Info.plist */,
				7A1C4C97142BEA4E003F14B7 /* InfoPlist.strings */,
				7A1C4C9A142BEA4E003F14B7 /* main.m */,
				7A1C4C9C142BEA4E003F14B7 /* picsic-Prefix.pch */,
			);
			name = "Supporting Files";
			sourceTree = "<group>";
		};
		7A1C4CB6142BEA4E003F14B7 /* picsicTests */ = {
			isa = PBXGroup;
			children = (
				7A1C4CBC142BEA4E003F14B7 /* picsicTests.h */,
				7A1C4CBE142BEA4E003F14B7 /* picsicTests.m */,
				7A1C4CB7142BEA4E003F14B7 /* Supporting Files */,
			);
			path = picsicTests;
			sourceTree = "<group>";
		};
		7A1C4CB7142BEA4E003F14B7 /* Supporting Files */ = {
			isa = PBXGroup;
			children = (
				7A1C4CB8142BEA4E003F14B7 /* picsicTests-Info.plist */,
				7A1C4CB9142BEA4E003F14B7 /* InfoPlist.strings */,
			);
			name = "Supporting Files";
			sourceTree = "<group>";
		};
/* End PBXGroup section */

/* Begin PBXNativeTarget section */
		7A1C4C89142BEA4E003F14B7 /* picsic */ = {
			isa = PBXNativeTarget;
			buildConfigurationList = 7A1C4CC2142BEA4E003F14B7 /* Build configuration list for PBXNativeTarget "picsic" */;
			buildPhases = (
				7A1C4C86142BEA4E003F14B7 /* Sources */,
				7A1C4C87142BEA4E003F14B7 /* Frameworks */,
				7A1C4C88142BEA4E003F14B7 /* Resources */,
			);
			buildRules = (
			);
			dependencies = (
			);
			name = picsic;
			productName = picsic;
			productReference = 7A1C4C8A142BEA4E003F14B7 /* picsic.app */;
			productType = "com.apple.product-type.application";
		};
		7A1C4CAD142BEA4E003F14B7 /* picsicTests */ = {
			isa = PBXNativeTarget;
			buildConfigurationList = 7A1C4CC5142BEA4E003F14B7 /* Build configuration list for PBXNativeTarget "picsicTests" */;
			buildPhases = (
				7A1C4CA9142BEA4E003F14B7 /* Sources */,
				7A1C4CAA142BEA4E003F14B7 /* Frameworks */,
				7A1C4CAB142BEA4E003F14B7 /* Resources */,
				7A1C4CAC142BEA4E003F14B7 /* ShellScript */,
			);
			buildRules = (
			);
			dependencies = (
				7A1C4CB5142BEA4E003F14B7 /* PBXTargetDependency */,
			);
			name = picsicTests;
			productName = picsicTests;
			productReference = 7A1C4CAE142BEA4E003F14B7 /* picsicTests.octest */;
			productType = "com.apple.product-type.bundle";
		};
/* End PBXNativeTarget section */

/* Begin PBXProject section */
		7A1C4C81142BEA4D003F14B7 /* Project object */ = {
			isa = PBXProject;
			buildConfigurationList = 7A1C4C84142BEA4D003F14B7 /* Build configuration list for PBXProject "picsic" */;
			compatibilityVersion = "Xcode 3.2";
			developmentRegion = English;
			hasScannedForEncodings = 0;
			knownRegions = (
				en,
			);
			mainGroup = 7A1C4C7F142BEA4D003F14B7;
			productRefGroup = 7A1C4C8B142BEA4E003F14B7 /* Products */;
			projectDirPath = "";
			projectRoot = "";
			targets = (
				7A1C4C89142BEA4E003F14B7 /* picsic */,
				7A1C4CAD142BEA4E003F14B7 /* picsicTests */,
			);
		};
/* End PBXProject section */

/* Begin PBXResourcesBuildPhase section */
		7A1C4C88142BEA4E003F14B7 /* Resources */ = {
			isa = PBXResourcesBuildPhase;
			buildActionMask = 2147483647;
			files = (
				7A1C4C99142BEA4E003F14B7 /* InfoPlist.strings in Resources */,
				7A1C4CA2142BEA4E003F14B7 /* MainWindow.xib in Resources */,
				7A1C4CA8142BEA4E003F14B7 /* RootViewController.xib in Resources */,
			);
			runOnlyForDeploymentPostprocessing = 0;
		};
		7A1C4CAB142BEA4E003F14B7 /* Resources */ = {
			isa = PBXResourcesBuildPhase;
			buildActionMask = 2147483647;
			files = (
				7A1C4CBB142BEA4E003F14B7 /* InfoPlist.strings in Resources */,
				7A1C4CBD142BEA4E003F14B7 /* picsicTests.h in Resources */,
			);
			runOnlyForDeploymentPostprocessing = 0;
		};
/* End PBXResourcesBuildPhase section */

/* Begin PBXShellScriptBuildPhase section */
		7A1C4CAC142BEA4E003F14B7 /* ShellScript */ = {
			isa = PBXShellScriptBuildPhase;
			buildActionMask = 2147483647;
			files = (
			);
			inputPaths = (
			);
			outputPaths = (
			);
			runOnlyForDeploymentPostprocessing = 0;
			shellPath = /bin/sh;
			shellScript = "# Run the unit tests in this test bundle.\n\"${SYSTEM_DEVELOPER_DIR}/Tools/RunUnitTests\"\n";
		};
/* End PBXShellScriptBuildPhase section */

/* Begin PBXSourcesBuildPhase section */
		7A1C4C86142BEA4E003F14B7 /* Sources */ = {
			isa = PBXSourcesBuildPhase;
			buildActionMask = 2147483647;
			files = (
				7A1C4C9B142BEA4E003F14B7 /* main.m in Sources */,
				7A1C4C9F142BEA4E003F14B7 /* picsicAppDelegate.m in Sources */,
				7A1C4CA5142BEA4E003F14B7 /* RootViewController.m in Sources */,
			);
			runOnlyForDeploymentPostprocessing = 0;
		};
		7A1C4CA9142BEA4E003F14B7 /* Sources */ = {
			isa = PBXSourcesBuildPhase;
			buildActionMask = 2147483647;
			files = (
				7A1C4CBF142BEA4E003F14B7 /* picsicTests.m in Sources */,
			);
			runOnlyForDeploymentPostprocessing = 0;
		};
/* End PBXSourcesBuildPhase section */

/* Begin PBXTargetDependency section */
		7A1C4CB5142BEA4E003F14B7 /* PBXTargetDependency */ = {
			isa = PBXTargetDependency;
			target = 7A1C4C89142BEA4E003F14B7 /* picsic */;
			targetProxy = 7A1C4CB4142BEA4E003F14B7 /* PBXContainerItemProxy */;
		};
/* End PBXTargetDependency section */

/* Begin PBXVariantGroup section */
		7A1C4C97142BEA4E003F14B7 /* InfoPlist.strings */ = {
			isa = PBXVariantGroup;
			children = (
				7A1C4C98142BEA4E003F14B7 /* en */,
			);
			name = InfoPlist.strings;
			sourceTree = "<group>";
		};
		7A1C4CA0142BEA4E003F14B7 /* MainWindow.xib */ = {
			isa = PBXVariantGroup;
			children = (
				7A1C4CA1142BEA4E003F14B7 /* en */,
			);
			name = MainWindow.xib;
			sourceTree = "<group>";
		};
		7A1C4CA6142BEA4E003F14B7 /* RootViewController.xib */ = {
			isa = PBXVariantGroup;
			children = (
				7A1C4CA7142BEA4E003F14B7 /* en */,
			);
			name = RootViewController.xib;
			sourceTree = "<group>";
		};
		7A1C4CB9142BEA4E003F14B7 /* InfoPlist.strings */ = {
			isa = PBXVariantGroup;
			children = (
				7A1C4CBA142BEA4E003F14B7 /* en */,
			);
			name = InfoPlist.strings;
			sourceTree = "<group>";
		};
/* End PBXVariantGroup section */

/* Begin XCBuildConfiguration section */
		7A1C4CC0142BEA4E003F14B7 /* Debug */ = {
			isa = XCBuildConfiguration;
			buildSettings = {
				ALWAYS_SEARCH_USER_PATHS = NO;
				ARCHS = "$(ARCHS_STANDARD_32_BIT)";
				"CODE_SIGN_IDENTITY[sdk=iphoneos*]" = "iPhone Developer";
				COPY_PHASE_STRIP = NO;
				GCC_C_LANGUAGE_STANDARD = gnu99;
				GCC_DYNAMIC_NO_PIC = NO;
				GCC_OPTIMIZATION_LEVEL = 0;
				GCC_PREPROCESSOR_DEFINITIONS = (
					"DEBUG=1",
					"$(inherited)",
				);
				GCC_SYMBOLS_PRIVATE_EXTERN = NO;
				GCC_VERSION = com.apple.compilers.llvmgcc42;
				GCC_WARN_ABOUT_MISSING_PROTOTYPES = YES;
				GCC_WARN_ABOUT_RETURN_TYPE = YES;
				GCC_WARN_UNUSED_VARIABLE = YES;
				IPHONEOS_DEPLOYMENT_TARGET = 4.3;
				SDKROOT = iphoneos;
			};
			name = Debug;
		};
		7A1C4CC1142BEA4E003F14B7 /* Release */ = {
			isa = XCBuildConfiguration;
			buildSettings = {
				ALWAYS_SEARCH_USER_PATHS = NO;
				ARCHS = "$(ARCHS_STANDARD_32_BIT)";
				"CODE_SIGN_IDENTITY[sdk=iphoneos*]" = "iPhone Developer";
				COPY_PHASE_STRIP = YES;
				GCC_C_LANGUAGE_STANDARD = gnu99;
				GCC_VERSION = com.apple.compilers.llvmgcc42;
				GCC_WARN_ABOUT_MISSING_PROTOTYPES = YES;
				GCC_WARN_ABOUT_RETURN_TYPE = YES;
				GCC_WARN_UNUSED_VARIABLE = YES;
				IPHONEOS_DEPLOYMENT_TARGET = 4.3;
				OTHER_CFLAGS = "-DNS_BLOCK_ASSERTIONS=1";
				SDKROOT = iphoneos;
				VALIDATE_PRODUCT = YES;
			};
			name = Release;
		};
		7A1C4CC3142BEA4E003F14B7 /* Debug */ = {
			isa = XCBuildConfiguration;
			buildSettings = {
				GCC_PRECOMPILE_PREFIX_HEADER = YES;
				GCC_PREFIX_HEADER = "picsic/picsic-Prefix.pch";
				INFOPLIST_FILE = "picsic/picsic-Info.plist";
				PRODUCT_NAME = "$(TARGET_NAME)";
				WRAPPER_EXTENSION = app;
			};
			name = Debug;
		};
		7A1C4CC4142BEA4E003F14B7 /* Release */ = {
			isa = XCBuildConfiguration;
			buildSettings = {
				GCC_PRECOMPILE_PREFIX_HEADER = YES;
				GCC_PREFIX_HEADER = "picsic/picsic-Prefix.pch";
				INFOPLIST_FILE = "picsic/picsic-Info.plist";
				PRODUCT_NAME = "$(TARGET_NAME)";
				WRAPPER_EXTENSION = app;
			};
			name = Release;
		};
		7A1C4CC6142BEA4E003F14B7 /* Debug */ = {
			isa = XCBuildConfiguration;
			buildSettings = {
				BUNDLE_LOADER = "$(BUILT_PRODUCTS_DIR)/picsic.app/picsic";
				FRAMEWORK_SEARCH_PATHS = (
					"$(SDKROOT)/Developer/Library/Frameworks",
					"$(DEVELOPER_LIBRARY_DIR)/Frameworks",
				);
				GCC_PRECOMPILE_PREFIX_HEADER = YES;
				GCC_PREFIX_HEADER = "picsic/picsic-Prefix.pch";
				INFOPLIST_FILE = "picsicTests/picsicTests-Info.plist";
				PRODUCT_NAME = "$(TARGET_NAME)";
				TEST_HOST = "$(BUNDLE_LOADER)";
				WRAPPER_EXTENSION = octest;
			};
			name = Debug;
		};
		7A1C4CC7142BEA4E003F14B7 /* Release */ = {
			isa = XCBuildConfiguration;
			buildSettings = {
				BUNDLE_LOADER = "$(BUILT_PRODUCTS_DIR)/picsic.app/picsic";
				FRAMEWORK_SEARCH_PATHS = (
					"$(SDKROOT)/Developer/Library/Frameworks",
					"$(DEVELOPER_LIBRARY_DIR)/Frameworks",
				);
				GCC_PRECOMPILE_PREFIX_HEADER = YES;
				GCC_PREFIX_HEADER = "picsic/picsic-Prefix.pch";
				INFOPLIST_FILE = "picsicTests/picsicTests-Info.plist";
				PRODUCT_NAME = "$(TARGET_NAME)";
				TEST_HOST = "$(BUNDLE_LOADER)";
				WRAPPER_EXTENSION = octest;
			};
			name = Release;
		};
/* End XCBuildConfiguration section */

/* Begin XCConfigurationList section */
		7A1C4C84142BEA4D003F14B7 /* Build configuration list for PBXProject "picsic" */ = {
			isa = XCConfigurationList;
			buildConfigurations = (
				7A1C4CC0142BEA4E003F14B7 /* Debug */,
				7A1C4CC1142BEA4E003F14B7 /* Release */,
			);
			defaultConfigurationIsVisible = 0;
			defaultConfigurationName = Release;
		};
		7A1C4CC2142BEA4E003F14B7 /* Build configuration list for PBXNativeTarget "picsic" */ = {
			isa = XCConfigurationList;
			buildConfigurations = (
				7A1C4CC3142BEA4E003F14B7 /* Debug */,
				7A1C4CC4142BEA4E003F14B7 /* Release */,
			);
			defaultConfigurationIsVisible = 0;
		};
		7A1C4CC5142BEA4E003F14B7 /* Build configuration list for PBXNativeTarget "picsicTests" */ = {
			isa = XCConfigurationList;
			buildConfigurations = (
				7A1C4CC6142BEA4E003F14B7 /* Debug */,
				7A1C4CC7142BEA4E003F14B7 /* Release */,
			);
			defaultConfigurationIsVisible = 0;
		};
/* End XCConfigurationList section */
	};
	rootObject = 7A1C4C81142BEA4D003F14B7 /* Project object */;
}
