// !$*UTF8*$!
{
	archiveVersion = 1;
	classes = {
	};
	objectVersion = 46;
	objects = {

/* Begin PBXBuildFile section */
		7A8ABE6814F1E48300BDD77C /* UIKit.framework in Frameworks */ = {isa = PBXBuildFile; fileRef = 7A8ABE6714F1E48300BDD77C /* UIKit.framework */; };
		7A8ABE6A14F1E48300BDD77C /* Foundation.framework in Frameworks */ = {isa = PBXBuildFile; fileRef = 7A8ABE6914F1E48300BDD77C /* Foundation.framework */; };
		7A8ABE6C14F1E48300BDD77C /* CoreGraphics.framework in Frameworks */ = {isa = PBXBuildFile; fileRef = 7A8ABE6B14F1E48300BDD77C /* CoreGraphics.framework */; };
		7A8ABE7214F1E48300BDD77C /* InfoPlist.strings in Resources */ = {isa = PBXBuildFile; fileRef = 7A8ABE7014F1E48300BDD77C /* InfoPlist.strings */; };
		7A8ABE7414F1E48300BDD77C /* main.m in Sources */ = {isa = PBXBuildFile; fileRef = 7A8ABE7314F1E48300BDD77C /* main.m */; };
		7A8ABE7814F1E48300BDD77C /* SongsicleAppDelegate.m in Sources */ = {isa = PBXBuildFile; fileRef = 7A8ABE7714F1E48300BDD77C /* SongsicleAppDelegate.m */; };
		7A8ABE7B14F1E48300BDD77C /* MainWindow.xib in Resources */ = {isa = PBXBuildFile; fileRef = 7A8ABE7914F1E48300BDD77C /* MainWindow.xib */; };
		7A8ABE7E14F1E48300BDD77C /* FirstViewController.m in Sources */ = {isa = PBXBuildFile; fileRef = 7A8ABE7D14F1E48300BDD77C /* FirstViewController.m */; };
		7A8ABE8114F1E48300BDD77C /* SecondViewController.m in Sources */ = {isa = PBXBuildFile; fileRef = 7A8ABE8014F1E48300BDD77C /* SecondViewController.m */; };
		7A8ABE8414F1E48300BDD77C /* FirstView.xib in Resources */ = {isa = PBXBuildFile; fileRef = 7A8ABE8214F1E48300BDD77C /* FirstView.xib */; };
		7A8ABE8714F1E48300BDD77C /* SecondView.xib in Resources */ = {isa = PBXBuildFile; fileRef = 7A8ABE8514F1E48300BDD77C /* SecondView.xib */; };
		7A8ABE8F14F1E48300BDD77C /* SenTestingKit.framework in Frameworks */ = {isa = PBXBuildFile; fileRef = 7A8ABE8E14F1E48300BDD77C /* SenTestingKit.framework */; };
		7A8ABE9014F1E48300BDD77C /* UIKit.framework in Frameworks */ = {isa = PBXBuildFile; fileRef = 7A8ABE6714F1E48300BDD77C /* UIKit.framework */; };
		7A8ABE9114F1E48300BDD77C /* Foundation.framework in Frameworks */ = {isa = PBXBuildFile; fileRef = 7A8ABE6914F1E48300BDD77C /* Foundation.framework */; };
		7A8ABE9214F1E48300BDD77C /* CoreGraphics.framework in Frameworks */ = {isa = PBXBuildFile; fileRef = 7A8ABE6B14F1E48300BDD77C /* CoreGraphics.framework */; };
		7A8ABE9A14F1E48300BDD77C /* InfoPlist.strings in Resources */ = {isa = PBXBuildFile; fileRef = 7A8ABE9814F1E48300BDD77C /* InfoPlist.strings */; };
		7A8ABE9C14F1E48300BDD77C /* SongsicleTests.h in Resources */ = {isa = PBXBuildFile; fileRef = 7A8ABE9B14F1E48300BDD77C /* SongsicleTests.h */; };
		7A8ABE9E14F1E48300BDD77C /* SongsicleTests.m in Sources */ = {isa = PBXBuildFile; fileRef = 7A8ABE9D14F1E48300BDD77C /* SongsicleTests.m */; };
/* End PBXBuildFile section */

/* Begin PBXContainerItemProxy section */
		7A8ABE9314F1E48300BDD77C /* PBXContainerItemProxy */ = {
			isa = PBXContainerItemProxy;
			containerPortal = 7A8ABE5A14F1E48300BDD77C /* Project object */;
			proxyType = 1;
			remoteGlobalIDString = 7A8ABE6214F1E48300BDD77C;
			remoteInfo = Songsicle;
		};
/* End PBXContainerItemProxy section */

/* Begin PBXFileReference section */
		7A8ABE6314F1E48300BDD77C /* Songsicle.app */ = {isa = PBXFileReference; explicitFileType = wrapper.application; includeInIndex = 0; path = Songsicle.app; sourceTree = BUILT_PRODUCTS_DIR; };
		7A8ABE6714F1E48300BDD77C /* UIKit.framework */ = {isa = PBXFileReference; lastKnownFileType = wrapper.framework; name = UIKit.framework; path = System/Library/Frameworks/UIKit.framework; sourceTree = SDKROOT; };
		7A8ABE6914F1E48300BDD77C /* Foundation.framework */ = {isa = PBXFileReference; lastKnownFileType = wrapper.framework; name = Foundation.framework; path = System/Library/Frameworks/Foundation.framework; sourceTree = SDKROOT; };
		7A8ABE6B14F1E48300BDD77C /* CoreGraphics.framework */ = {isa = PBXFileReference; lastKnownFileType = wrapper.framework; name = CoreGraphics.framework; path = System/Library/Frameworks/CoreGraphics.framework; sourceTree = SDKROOT; };
		7A8ABE6F14F1E48300BDD77C /* Songsicle-Info.plist */ = {isa = PBXFileReference; path = "Songsicle-Info.plist"; sourceTree = "<group>"; };
		7A8ABE7114F1E48300BDD77C /* en */ = {isa = PBXFileReference; lastKnownFileType = text.plist.strings; name = en; path = en.lproj/InfoPlist.strings; sourceTree = "<group>"; };
		7A8ABE7314F1E48300BDD77C /* main.m */ = {isa = PBXFileReference; lastKnownFileType = sourcecode.c.objc; path = main.m; sourceTree = "<group>"; };
		7A8ABE7514F1E48300BDD77C /* Songsicle-Prefix.pch */ = {isa = PBXFileReference; path = "Songsicle-Prefix.pch"; sourceTree = "<group>"; };
		7A8ABE7614F1E48300BDD77C /* SongsicleAppDelegate.h */ = {isa = PBXFileReference; path = SongsicleAppDelegate.h; sourceTree = "<group>"; };
		7A8ABE7714F1E48300BDD77C /* SongsicleAppDelegate.m */ = {isa = PBXFileReference; lastKnownFileType = sourcecode.c.objc; path = SongsicleAppDelegate.m; sourceTree = "<group>"; };
		7A8ABE7A14F1E48300BDD77C /* en */ = {isa = PBXFileReference; lastKnownFileType = file.xib; name = en; path = en.lproj/MainWindow.xib; sourceTree = "<group>"; };
		7A8ABE7C14F1E48300BDD77C /* FirstViewController.h */ = {isa = PBXFileReference; path = FirstViewController.h; sourceTree = "<group>"; };
		7A8ABE7D14F1E48300BDD77C /* FirstViewController.m */ = {isa = PBXFileReference; lastKnownFileType = sourcecode.c.objc; path = FirstViewController.m; sourceTree = "<group>"; };
		7A8ABE7F14F1E48300BDD77C /* SecondViewController.h */ = {isa = PBXFileReference; path = SecondViewController.h; sourceTree = "<group>"; };
		7A8ABE8014F1E48300BDD77C /* SecondViewController.m */ = {isa = PBXFileReference; lastKnownFileType = sourcecode.c.objc; path = SecondViewController.m; sourceTree = "<group>"; };
		7A8ABE8314F1E48300BDD77C /* en */ = {isa = PBXFileReference; lastKnownFileType = file.xib; name = en; path = en.lproj/FirstView.xib; sourceTree = "<group>"; };
		7A8ABE8614F1E48300BDD77C /* en */ = {isa = PBXFileReference; lastKnownFileType = file.xib; name = en; path = en.lproj/SecondView.xib; sourceTree = "<group>"; };
		7A8ABE8D14F1E48300BDD77C /* SongsicleTests.octest */ = {isa = PBXFileReference; explicitFileType = wrapper.cfbundle; includeInIndex = 0; path = SongsicleTests.octest; sourceTree = BUILT_PRODUCTS_DIR; };
		7A8ABE8E14F1E48300BDD77C /* SenTestingKit.framework */ = {isa = PBXFileReference; lastKnownFileType = wrapper.framework; name = SenTestingKit.framework; path = Library/Frameworks/SenTestingKit.framework; sourceTree = DEVELOPER_DIR; };
		7A8ABE9714F1E48300BDD77C /* SongsicleTests-Info.plist */ = {isa = PBXFileReference; path = "SongsicleTests-Info.plist"; sourceTree = "<group>"; };
		7A8ABE9914F1E48300BDD77C /* en */ = {isa = PBXFileReference; lastKnownFileType = text.plist.strings; name = en; path = en.lproj/InfoPlist.strings; sourceTree = "<group>"; };
		7A8ABE9B14F1E48300BDD77C /* SongsicleTests.h */ = {isa = PBXFileReference; lastKnownFileType = sourcecode.c.h; path = SongsicleTests.h; sourceTree = "<group>"; };
		7A8ABE9D14F1E48300BDD77C /* SongsicleTests.m */ = {isa = PBXFileReference; lastKnownFileType = sourcecode.c.objc; path = SongsicleTests.m; sourceTree = "<group>"; };
/* End PBXFileReference section */

/* Begin PBXFrameworksBuildPhase section */
		7A8ABE6014F1E48300BDD77C /* Frameworks */ = {
			isa = PBXFrameworksBuildPhase;
			buildActionMask = 2147483647;
			files = (
				7A8ABE6814F1E48300BDD77C /* UIKit.framework in Frameworks */,
				7A8ABE6A14F1E48300BDD77C /* Foundation.framework in Frameworks */,
				7A8ABE6C14F1E48300BDD77C /* CoreGraphics.framework in Frameworks */,
			);
			runOnlyForDeploymentPostprocessing = 0;
		};
		7A8ABE8914F1E48300BDD77C /* Frameworks */ = {
			isa = PBXFrameworksBuildPhase;
			buildActionMask = 2147483647;
			files = (
				7A8ABE8F14F1E48300BDD77C /* SenTestingKit.framework in Frameworks */,
				7A8ABE9014F1E48300BDD77C /* UIKit.framework in Frameworks */,
				7A8ABE9114F1E48300BDD77C /* Foundation.framework in Frameworks */,
				7A8ABE9214F1E48300BDD77C /* CoreGraphics.framework in Frameworks */,
			);
			runOnlyForDeploymentPostprocessing = 0;
		};
/* End PBXFrameworksBuildPhase section */

/* Begin PBXGroup section */
		7A8ABE5814F1E48300BDD77C = {
			isa = PBXGroup;
			children = (
				7A8ABE6D14F1E48300BDD77C /* Songsicle */,
				7A8ABE9514F1E48300BDD77C /* SongsicleTests */,
				7A8ABE6614F1E48300BDD77C /* Frameworks */,
				7A8ABE6414F1E48300BDD77C /* Products */,
			);
			sourceTree = "<group>";
		};
		7A8ABE6414F1E48300BDD77C /* Products */ = {
			isa = PBXGroup;
			children = (
				7A8ABE6314F1E48300BDD77C /* Songsicle.app */,
				7A8ABE8D14F1E48300BDD77C /* SongsicleTests.octest */,
			);
			name = Products;
			sourceTree = "<group>";
		};
		7A8ABE6614F1E48300BDD77C /* Frameworks */ = {
			isa = PBXGroup;
			children = (
				7A8ABE6714F1E48300BDD77C /* UIKit.framework */,
				7A8ABE6914F1E48300BDD77C /* Foundation.framework */,
				7A8ABE6B14F1E48300BDD77C /* CoreGraphics.framework */,
				7A8ABE8E14F1E48300BDD77C /* SenTestingKit.framework */,
			);
			name = Frameworks;
			sourceTree = "<group>";
		};
		7A8ABE6D14F1E48300BDD77C /* Songsicle */ = {
			isa = PBXGroup;
			children = (
				7A8ABE7614F1E48300BDD77C /* SongsicleAppDelegate.h */,
				7A8ABE7714F1E48300BDD77C /* SongsicleAppDelegate.m */,
				7A8ABE7914F1E48300BDD77C /* MainWindow.xib */,
				7A8ABE7C14F1E48300BDD77C /* FirstViewController.h */,
				7A8ABE7D14F1E48300BDD77C /* FirstViewController.m */,
				7A8ABE7F14F1E48300BDD77C /* SecondViewController.h */,
				7A8ABE8014F1E48300BDD77C /* SecondViewController.m */,
				7A8ABE8214F1E48300BDD77C /* FirstView.xib */,
				7A8ABE8514F1E48300BDD77C /* SecondView.xib */,
				7A8ABE6E14F1E48300BDD77C /* Supporting Files */,
			);
			path = Songsicle;
			sourceTree = "<group>";
		};
		7A8ABE6E14F1E48300BDD77C /* Supporting Files */ = {
			isa = PBXGroup;
			children = (
				7A8ABE6F14F1E48300BDD77C /* Songsicle-Info.plist */,
				7A8ABE7014F1E48300BDD77C /* InfoPlist.strings */,
				7A8ABE7314F1E48300BDD77C /* main.m */,
				7A8ABE7514F1E48300BDD77C /* Songsicle-Prefix.pch */,
			);
			name = "Supporting Files";
			sourceTree = "<group>";
		};
		7A8ABE9514F1E48300BDD77C /* SongsicleTests */ = {
			isa = PBXGroup;
			children = (
				7A8ABE9B14F1E48300BDD77C /* SongsicleTests.h */,
				7A8ABE9D14F1E48300BDD77C /* SongsicleTests.m */,
				7A8ABE9614F1E48300BDD77C /* Supporting Files */,
			);
			path = SongsicleTests;
			sourceTree = "<group>";
		};
		7A8ABE9614F1E48300BDD77C /* Supporting Files */ = {
			isa = PBXGroup;
			children = (
				7A8ABE9714F1E48300BDD77C /* SongsicleTests-Info.plist */,
				7A8ABE9814F1E48300BDD77C /* InfoPlist.strings */,
			);
			name = "Supporting Files";
			sourceTree = "<group>";
		};
/* End PBXGroup section */

/* Begin PBXNativeTarget section */
		7A8ABE6214F1E48300BDD77C /* Songsicle */ = {
			isa = PBXNativeTarget;
			buildConfigurationList = 7A8ABEA114F1E48300BDD77C /* Build configuration list for PBXNativeTarget "Songsicle" */;
			buildPhases = (
				7A8ABE5F14F1E48300BDD77C /* Sources */,
				7A8ABE6014F1E48300BDD77C /* Frameworks */,
				7A8ABE6114F1E48300BDD77C /* Resources */,
			);
			buildRules = (
			);
			dependencies = (
			);
			name = Songsicle;
			productName = Songsicle;
			productReference = 7A8ABE6314F1E48300BDD77C /* Songsicle.app */;
			productType = "com.apple.product-type.application";
		};
		7A8ABE8C14F1E48300BDD77C /* SongsicleTests */ = {
			isa = PBXNativeTarget;
			buildConfigurationList = 7A8ABEA414F1E48300BDD77C /* Build configuration list for PBXNativeTarget "SongsicleTests" */;
			buildPhases = (
				7A8ABE8814F1E48300BDD77C /* Sources */,
				7A8ABE8914F1E48300BDD77C /* Frameworks */,
				7A8ABE8A14F1E48300BDD77C /* Resources */,
				7A8ABE8B14F1E48300BDD77C /* ShellScript */,
			);
			buildRules = (
			);
			dependencies = (
				7A8ABE9414F1E48300BDD77C /* PBXTargetDependency */,
			);
			name = SongsicleTests;
			productName = SongsicleTests;
			productReference = 7A8ABE8D14F1E48300BDD77C /* SongsicleTests.octest */;
			productType = "com.apple.product-type.bundle";
		};
/* End PBXNativeTarget section */

/* Begin PBXProject section */
		7A8ABE5A14F1E48300BDD77C /* Project object */ = {
			isa = PBXProject;
			buildConfigurationList = 7A8ABE5D14F1E48300BDD77C /* Build configuration list for PBXProject "Songsicle" */;
			compatibilityVersion = "Xcode 3.2";
			developmentRegion = English;
			hasScannedForEncodings = 0;
			knownRegions = (
				en,
			);
			mainGroup = 7A8ABE5814F1E48300BDD77C;
			productRefGroup = 7A8ABE6414F1E48300BDD77C /* Products */;
			projectDirPath = "";
			projectRoot = "";
			targets = (
				7A8ABE6214F1E48300BDD77C /* Songsicle */,
				7A8ABE8C14F1E48300BDD77C /* SongsicleTests */,
			);
		};
/* End PBXProject section */

/* Begin PBXResourcesBuildPhase section */
		7A8ABE6114F1E48300BDD77C /* Resources */ = {
			isa = PBXResourcesBuildPhase;
			buildActionMask = 2147483647;
			files = (
				7A8ABE7214F1E48300BDD77C /* InfoPlist.strings in Resources */,
				7A8ABE7B14F1E48300BDD77C /* MainWindow.xib in Resources */,
				7A8ABE8414F1E48300BDD77C /* FirstView.xib in Resources */,
				7A8ABE8714F1E48300BDD77C /* SecondView.xib in Resources */,
			);
			runOnlyForDeploymentPostprocessing = 0;
		};
		7A8ABE8A14F1E48300BDD77C /* Resources */ = {
			isa = PBXResourcesBuildPhase;
			buildActionMask = 2147483647;
			files = (
				7A8ABE9A14F1E48300BDD77C /* InfoPlist.strings in Resources */,
				7A8ABE9C14F1E48300BDD77C /* SongsicleTests.h in Resources */,
			);
			runOnlyForDeploymentPostprocessing = 0;
		};
/* End PBXResourcesBuildPhase section */

/* Begin PBXShellScriptBuildPhase section */
		7A8ABE8B14F1E48300BDD77C /* ShellScript */ = {
			isa = PBXShellScriptBuildPhase;
			buildActionMask = 2147483647;
			files = (
			);
			inputPaths = (
			);
			outputPaths = (
			);
			runOnlyForDeploymentPostprocessing = 0;
			shellPath = /bin/sh;
			shellScript = "# Run the unit tests in this test bundle.\n\"${SYSTEM_DEVELOPER_DIR}/Tools/RunUnitTests\"\n";
		};
/* End PBXShellScriptBuildPhase section */

/* Begin PBXSourcesBuildPhase section */
		7A8ABE5F14F1E48300BDD77C /* Sources */ = {
			isa = PBXSourcesBuildPhase;
			buildActionMask = 2147483647;
			files = (
				7A8ABE7414F1E48300BDD77C /* main.m in Sources */,
				7A8ABE7814F1E48300BDD77C /* SongsicleAppDelegate.m in Sources */,
				7A8ABE7E14F1E48300BDD77C /* FirstViewController.m in Sources */,
				7A8ABE8114F1E48300BDD77C /* SecondViewController.m in Sources */,
			);
			runOnlyForDeploymentPostprocessing = 0;
		};
		7A8ABE8814F1E48300BDD77C /* Sources */ = {
			isa = PBXSourcesBuildPhase;
			buildActionMask = 2147483647;
			files = (
				7A8ABE9E14F1E48300BDD77C /* SongsicleTests.m in Sources */,
			);
			runOnlyForDeploymentPostprocessing = 0;
		};
/* End PBXSourcesBuildPhase section */

/* Begin PBXTargetDependency section */
		7A8ABE9414F1E48300BDD77C /* PBXTargetDependency */ = {
			isa = PBXTargetDependency;
			target = 7A8ABE6214F1E48300BDD77C /* Songsicle */;
			targetProxy = 7A8ABE9314F1E48300BDD77C /* PBXContainerItemProxy */;
		};
/* End PBXTargetDependency section */

/* Begin PBXVariantGroup section */
		7A8ABE7014F1E48300BDD77C /* InfoPlist.strings */ = {
			isa = PBXVariantGroup;
			children = (
				7A8ABE7114F1E48300BDD77C /* en */,
			);
			name = InfoPlist.strings;
			sourceTree = "<group>";
		};
		7A8ABE7914F1E48300BDD77C /* MainWindow.xib */ = {
			isa = PBXVariantGroup;
			children = (
				7A8ABE7A14F1E48300BDD77C /* en */,
			);
			name = MainWindow.xib;
			sourceTree = "<group>";
		};
		7A8ABE8214F1E48300BDD77C /* FirstView.xib */ = {
			isa = PBXVariantGroup;
			children = (
				7A8ABE8314F1E48300BDD77C /* en */,
			);
			name = FirstView.xib;
			sourceTree = "<group>";
		};
		7A8ABE8514F1E48300BDD77C /* SecondView.xib */ = {
			isa = PBXVariantGroup;
			children = (
				7A8ABE8614F1E48300BDD77C /* en */,
			);
			name = SecondView.xib;
			sourceTree = "<group>";
		};
		7A8ABE9814F1E48300BDD77C /* InfoPlist.strings */ = {
			isa = PBXVariantGroup;
			children = (
				7A8ABE9914F1E48300BDD77C /* en */,
			);
			name = InfoPlist.strings;
			sourceTree = "<group>";
		};
/* End PBXVariantGroup section */

/* Begin XCBuildConfiguration section */
		7A8ABE9F14F1E48300BDD77C /* Debug */ = {
			isa = XCBuildConfiguration;
			buildSettings = {
				ALWAYS_SEARCH_USER_PATHS = NO;
				ARCHS = "$(ARCHS_STANDARD_32_BIT)";
				"CODE_SIGN_IDENTITY[sdk=iphoneos*]" = "iPhone Developer";
				COPY_PHASE_STRIP = NO;
				GCC_C_LANGUAGE_STANDARD = gnu99;
				GCC_DYNAMIC_NO_PIC = NO;
				GCC_OPTIMIZATION_LEVEL = 0;
				GCC_PREPROCESSOR_DEFINITIONS = (
					"DEBUG=1",
					"$(inherited)",
				);
				GCC_SYMBOLS_PRIVATE_EXTERN = NO;
				GCC_VERSION = com.apple.compilers.llvmgcc42;
				GCC_WARN_ABOUT_MISSING_PROTOTYPES = YES;
				GCC_WARN_ABOUT_RETURN_TYPE = YES;
				GCC_WARN_UNUSED_VARIABLE = YES;
				IPHONEOS_DEPLOYMENT_TARGET = 4.3;
				SDKROOT = iphoneos;
			};
			name = Debug;
		};
		7A8ABEA014F1E48300BDD77C /* Release */ = {
			isa = XCBuildConfiguration;
			buildSettings = {
				ALWAYS_SEARCH_USER_PATHS = NO;
				ARCHS = "$(ARCHS_STANDARD_32_BIT)";
				"CODE_SIGN_IDENTITY[sdk=iphoneos*]" = "iPhone Developer";
				COPY_PHASE_STRIP = YES;
				GCC_C_LANGUAGE_STANDARD = gnu99;
				GCC_VERSION = com.apple.compilers.llvmgcc42;
				GCC_WARN_ABOUT_MISSING_PROTOTYPES = YES;
				GCC_WARN_ABOUT_RETURN_TYPE = YES;
				GCC_WARN_UNUSED_VARIABLE = YES;
				IPHONEOS_DEPLOYMENT_TARGET = 4.3;
				OTHER_CFLAGS = "-DNS_BLOCK_ASSERTIONS=1";
				SDKROOT = iphoneos;
				VALIDATE_PRODUCT = YES;
			};
			name = Release;
		};
		7A8ABEA214F1E48300BDD77C /* Debug */ = {
			isa = XCBuildConfiguration;
			buildSettings = {
				GCC_PRECOMPILE_PREFIX_HEADER = YES;
				GCC_PREFIX_HEADER = "Songsicle/Songsicle-Prefix.pch";
				INFOPLIST_FILE = "Songsicle/Songsicle-Info.plist";
				PRODUCT_NAME = "$(TARGET_NAME)";
				WRAPPER_EXTENSION = app;
			};
			name = Debug;
		};
		7A8ABEA314F1E48300BDD77C /* Release */ = {
			isa = XCBuildConfiguration;
			buildSettings = {
				GCC_PRECOMPILE_PREFIX_HEADER = YES;
				GCC_PREFIX_HEADER = "Songsicle/Songsicle-Prefix.pch";
				INFOPLIST_FILE = "Songsicle/Songsicle-Info.plist";
				PRODUCT_NAME = "$(TARGET_NAME)";
				WRAPPER_EXTENSION = app;
			};
			name = Release;
		};
		7A8ABEA514F1E48300BDD77C /* Debug */ = {
			isa = XCBuildConfiguration;
			buildSettings = {
				BUNDLE_LOADER = "$(BUILT_PRODUCTS_DIR)/Songsicle.app/Songsicle";
				FRAMEWORK_SEARCH_PATHS = (
					"$(SDKROOT)/Developer/Library/Frameworks",
					"$(DEVELOPER_LIBRARY_DIR)/Frameworks",
				);
				GCC_PRECOMPILE_PREFIX_HEADER = YES;
				GCC_PREFIX_HEADER = "Songsicle/Songsicle-Prefix.pch";
				INFOPLIST_FILE = "SongsicleTests/SongsicleTests-Info.plist";
				PRODUCT_NAME = "$(TARGET_NAME)";
				TEST_HOST = "$(BUNDLE_LOADER)";
				WRAPPER_EXTENSION = octest;
			};
			name = Debug;
		};
		7A8ABEA614F1E48300BDD77C /* Release */ = {
			isa = XCBuildConfiguration;
			buildSettings = {
				BUNDLE_LOADER = "$(BUILT_PRODUCTS_DIR)/Songsicle.app/Songsicle";
				FRAMEWORK_SEARCH_PATHS = (
					"$(SDKROOT)/Developer/Library/Frameworks",
					"$(DEVELOPER_LIBRARY_DIR)/Frameworks",
				);
				GCC_PRECOMPILE_PREFIX_HEADER = YES;
				GCC_PREFIX_HEADER = "Songsicle/Songsicle-Prefix.pch";
				INFOPLIST_FILE = "SongsicleTests/SongsicleTests-Info.plist";
				PRODUCT_NAME = "$(TARGET_NAME)";
				TEST_HOST = "$(BUNDLE_LOADER)";
				WRAPPER_EXTENSION = octest;
			};
			name = Release;
		};
/* End XCBuildConfiguration section */

/* Begin XCConfigurationList section */
		7A8ABE5D14F1E48300BDD77C /* Build configuration list for PBXProject "Songsicle" */ = {
			isa = XCConfigurationList;
			buildConfigurations = (
				7A8ABE9F14F1E48300BDD77C /* Debug */,
				7A8ABEA014F1E48300BDD77C /* Release */,
			);
			defaultConfigurationIsVisible = 0;
			defaultConfigurationName = Release;
		};
		7A8ABEA114F1E48300BDD77C /* Build configuration list for PBXNativeTarget "Songsicle" */ = {
			isa = XCConfigurationList;
			buildConfigurations = (
				7A8ABEA214F1E48300BDD77C /* Debug */,
				7A8ABEA314F1E48300BDD77C /* Release */,
			);
			defaultConfigurationIsVisible = 0;
		};
		7A8ABEA414F1E48300BDD77C /* Build configuration list for PBXNativeTarget "SongsicleTests" */ = {
			isa = XCConfigurationList;
			buildConfigurations = (
				7A8ABEA514F1E48300BDD77C /* Debug */,
				7A8ABEA614F1E48300BDD77C /* Release */,
			);
			defaultConfigurationIsVisible = 0;
		};
/* End XCConfigurationList section */
	};
	rootObject = 7A8ABE5A14F1E48300BDD77C /* Project object */;
}
