// !$*UTF8*$!
{
	archiveVersion = 1;
	classes = {
	};
	objectVersion = 46;
	objects = {

/* Begin PBXBuildFile section */
		7A09F2B214278D8200D748C8 /* UIKit.framework in Frameworks */ = {isa = PBXBuildFile; fileRef = 7A09F2B114278D8200D748C8 /* UIKit.framework */; };
		7A09F2B414278D8200D748C8 /* Foundation.framework in Frameworks */ = {isa = PBXBuildFile; fileRef = 7A09F2B314278D8200D748C8 /* Foundation.framework */; };
		7A09F2B614278D8200D748C8 /* CoreGraphics.framework in Frameworks */ = {isa = PBXBuildFile; fileRef = 7A09F2B514278D8200D748C8 /* CoreGraphics.framework */; };
		7A09F2BC14278D8200D748C8 /* InfoPlist.strings in Resources */ = {isa = PBXBuildFile; fileRef = 7A09F2BA14278D8200D748C8 /* InfoPlist.strings */; };
		7A09F2BE14278D8200D748C8 /* main.m in Sources */ = {isa = PBXBuildFile; fileRef = 7A09F2BD14278D8200D748C8 /* main.m */; };
		7A09F2C214278D8200D748C8 /* PixAppDelegate.m in Sources */ = {isa = PBXBuildFile; fileRef = 7A09F2C114278D8200D748C8 /* PixAppDelegate.m */; };
		7A09F2C514278D8200D748C8 /* MainWindow.xib in Resources */ = {isa = PBXBuildFile; fileRef = 7A09F2C314278D8200D748C8 /* MainWindow.xib */; };
		7A09F2C814278D8200D748C8 /* PixViewController.m in Sources */ = {isa = PBXBuildFile; fileRef = 7A09F2C714278D8200D748C8 /* PixViewController.m */; };
		7A09F2CB14278D8200D748C8 /* PixViewController.xib in Resources */ = {isa = PBXBuildFile; fileRef = 7A09F2C914278D8200D748C8 /* PixViewController.xib */; };
		7A09F2D314278D8200D748C8 /* SenTestingKit.framework in Frameworks */ = {isa = PBXBuildFile; fileRef = 7A09F2D214278D8200D748C8 /* SenTestingKit.framework */; };
		7A09F2D414278D8200D748C8 /* UIKit.framework in Frameworks */ = {isa = PBXBuildFile; fileRef = 7A09F2B114278D8200D748C8 /* UIKit.framework */; };
		7A09F2D514278D8200D748C8 /* Foundation.framework in Frameworks */ = {isa = PBXBuildFile; fileRef = 7A09F2B314278D8200D748C8 /* Foundation.framework */; };
		7A09F2D614278D8200D748C8 /* CoreGraphics.framework in Frameworks */ = {isa = PBXBuildFile; fileRef = 7A09F2B514278D8200D748C8 /* CoreGraphics.framework */; };
		7A09F2DE14278D8200D748C8 /* InfoPlist.strings in Resources */ = {isa = PBXBuildFile; fileRef = 7A09F2DC14278D8200D748C8 /* InfoPlist.strings */; };
		7A09F2E014278D8200D748C8 /* PixTests.h in Resources */ = {isa = PBXBuildFile; fileRef = 7A09F2DF14278D8200D748C8 /* PixTests.h */; };
		7A09F2E214278D8200D748C8 /* PixTests.m in Sources */ = {isa = PBXBuildFile; fileRef = 7A09F2E114278D8200D748C8 /* PixTests.m */; };
/* End PBXBuildFile section */

/* Begin PBXContainerItemProxy section */
		7A09F2D714278D8200D748C8 /* PBXContainerItemProxy */ = {
			isa = PBXContainerItemProxy;
			containerPortal = 7A09F2A414278D8200D748C8 /* Project object */;
			proxyType = 1;
			remoteGlobalIDString = 7A09F2AC14278D8200D748C8;
			remoteInfo = Pix;
		};
/* End PBXContainerItemProxy section */

/* Begin PBXFileReference section */
		7A09F2AD14278D8200D748C8 /* Pix.app */ = {isa = PBXFileReference; explicitFileType = wrapper.application; includeInIndex = 0; path = Pix.app; sourceTree = BUILT_PRODUCTS_DIR; };
		7A09F2B114278D8200D748C8 /* UIKit.framework */ = {isa = PBXFileReference; lastKnownFileType = wrapper.framework; name = UIKit.framework; path = System/Library/Frameworks/UIKit.framework; sourceTree = SDKROOT; };
		7A09F2B314278D8200D748C8 /* Foundation.framework */ = {isa = PBXFileReference; lastKnownFileType = wrapper.framework; name = Foundation.framework; path = System/Library/Frameworks/Foundation.framework; sourceTree = SDKROOT; };
		7A09F2B514278D8200D748C8 /* CoreGraphics.framework */ = {isa = PBXFileReference; lastKnownFileType = wrapper.framework; name = CoreGraphics.framework; path = System/Library/Frameworks/CoreGraphics.framework; sourceTree = SDKROOT; };
		7A09F2B914278D8200D748C8 /* Pix-Info.plist */ = {isa = PBXFileReference; path = "Pix-Info.plist"; sourceTree = "<group>"; };
		7A09F2BB14278D8200D748C8 /* en */ = {isa = PBXFileReference; lastKnownFileType = text.plist.strings; name = en; path = en.lproj/InfoPlist.strings; sourceTree = "<group>"; };
		7A09F2BD14278D8200D748C8 /* main.m */ = {isa = PBXFileReference; lastKnownFileType = sourcecode.c.objc; path = main.m; sourceTree = "<group>"; };
		7A09F2BF14278D8200D748C8 /* Pix-Prefix.pch */ = {isa = PBXFileReference; path = "Pix-Prefix.pch"; sourceTree = "<group>"; };
		7A09F2C014278D8200D748C8 /* PixAppDelegate.h */ = {isa = PBXFileReference; path = PixAppDelegate.h; sourceTree = "<group>"; };
		7A09F2C114278D8200D748C8 /* PixAppDelegate.m */ = {isa = PBXFileReference; lastKnownFileType = sourcecode.c.objc; path = PixAppDelegate.m; sourceTree = "<group>"; };
		7A09F2C414278D8200D748C8 /* en */ = {isa = PBXFileReference; lastKnownFileType = file.xib; name = en; path = en.lproj/MainWindow.xib; sourceTree = "<group>"; };
		7A09F2C614278D8200D748C8 /* PixViewController.h */ = {isa = PBXFileReference; path = PixViewController.h; sourceTree = "<group>"; };
		7A09F2C714278D8200D748C8 /* PixViewController.m */ = {isa = PBXFileReference; lastKnownFileType = sourcecode.c.objc; path = PixViewController.m; sourceTree = "<group>"; };
		7A09F2CA14278D8200D748C8 /* en */ = {isa = PBXFileReference; lastKnownFileType = file.xib; name = en; path = en.lproj/PixViewController.xib; sourceTree = "<group>"; };
		7A09F2D114278D8200D748C8 /* PixTests.octest */ = {isa = PBXFileReference; explicitFileType = wrapper.cfbundle; includeInIndex = 0; path = PixTests.octest; sourceTree = BUILT_PRODUCTS_DIR; };
		7A09F2D214278D8200D748C8 /* SenTestingKit.framework */ = {isa = PBXFileReference; lastKnownFileType = wrapper.framework; name = SenTestingKit.framework; path = Library/Frameworks/SenTestingKit.framework; sourceTree = DEVELOPER_DIR; };
		7A09F2DB14278D8200D748C8 /* PixTests-Info.plist */ = {isa = PBXFileReference; path = "PixTests-Info.plist"; sourceTree = "<group>"; };
		7A09F2DD14278D8200D748C8 /* en */ = {isa = PBXFileReference; lastKnownFileType = text.plist.strings; name = en; path = en.lproj/InfoPlist.strings; sourceTree = "<group>"; };
		7A09F2DF14278D8200D748C8 /* PixTests.h */ = {isa = PBXFileReference; lastKnownFileType = sourcecode.c.h; path = PixTests.h; sourceTree = "<group>"; };
		7A09F2E114278D8200D748C8 /* PixTests.m */ = {isa = PBXFileReference; lastKnownFileType = sourcecode.c.objc; path = PixTests.m; sourceTree = "<group>"; };
/* End PBXFileReference section */

/* Begin PBXFrameworksBuildPhase section */
		7A09F2AA14278D8200D748C8 /* Frameworks */ = {
			isa = PBXFrameworksBuildPhase;
			buildActionMask = 2147483647;
			files = (
				7A09F2B214278D8200D748C8 /* UIKit.framework in Frameworks */,
				7A09F2B414278D8200D748C8 /* Foundation.framework in Frameworks */,
				7A09F2B614278D8200D748C8 /* CoreGraphics.framework in Frameworks */,
			);
			runOnlyForDeploymentPostprocessing = 0;
		};
		7A09F2CD14278D8200D748C8 /* Frameworks */ = {
			isa = PBXFrameworksBuildPhase;
			buildActionMask = 2147483647;
			files = (
				7A09F2D314278D8200D748C8 /* SenTestingKit.framework in Frameworks */,
				7A09F2D414278D8200D748C8 /* UIKit.framework in Frameworks */,
				7A09F2D514278D8200D748C8 /* Foundation.framework in Frameworks */,
				7A09F2D614278D8200D748C8 /* CoreGraphics.framework in Frameworks */,
			);
			runOnlyForDeploymentPostprocessing = 0;
		};
/* End PBXFrameworksBuildPhase section */

/* Begin PBXGroup section */
		7A09F2A214278D8200D748C8 = {
			isa = PBXGroup;
			children = (
				7A09F2B714278D8200D748C8 /* Pix */,
				7A09F2D914278D8200D748C8 /* PixTests */,
				7A09F2B014278D8200D748C8 /* Frameworks */,
				7A09F2AE14278D8200D748C8 /* Products */,
			);
			sourceTree = "<group>";
		};
		7A09F2AE14278D8200D748C8 /* Products */ = {
			isa = PBXGroup;
			children = (
				7A09F2AD14278D8200D748C8 /* Pix.app */,
				7A09F2D114278D8200D748C8 /* PixTests.octest */,
			);
			name = Products;
			sourceTree = "<group>";
		};
		7A09F2B014278D8200D748C8 /* Frameworks */ = {
			isa = PBXGroup;
			children = (
				7A09F2B114278D8200D748C8 /* UIKit.framework */,
				7A09F2B314278D8200D748C8 /* Foundation.framework */,
				7A09F2B514278D8200D748C8 /* CoreGraphics.framework */,
				7A09F2D214278D8200D748C8 /* SenTestingKit.framework */,
			);
			name = Frameworks;
			sourceTree = "<group>";
		};
		7A09F2B714278D8200D748C8 /* Pix */ = {
			isa = PBXGroup;
			children = (
				7A09F2C014278D8200D748C8 /* PixAppDelegate.h */,
				7A09F2C114278D8200D748C8 /* PixAppDelegate.m */,
				7A09F2C314278D8200D748C8 /* MainWindow.xib */,
				7A09F2C614278D8200D748C8 /* PixViewController.h */,
				7A09F2C714278D8200D748C8 /* PixViewController.m */,
				7A09F2C914278D8200D748C8 /* PixViewController.xib */,
				7A09F2B814278D8200D748C8 /* Supporting Files */,
			);
			path = Pix;
			sourceTree = "<group>";
		};
		7A09F2B814278D8200D748C8 /* Supporting Files */ = {
			isa = PBXGroup;
			children = (
				7A09F2B914278D8200D748C8 /* Pix-Info.plist */,
				7A09F2BA14278D8200D748C8 /* InfoPlist.strings */,
				7A09F2BD14278D8200D748C8 /* main.m */,
				7A09F2BF14278D8200D748C8 /* Pix-Prefix.pch */,
			);
			name = "Supporting Files";
			sourceTree = "<group>";
		};
		7A09F2D914278D8200D748C8 /* PixTests */ = {
			isa = PBXGroup;
			children = (
				7A09F2DF14278D8200D748C8 /* PixTests.h */,
				7A09F2E114278D8200D748C8 /* PixTests.m */,
				7A09F2DA14278D8200D748C8 /* Supporting Files */,
			);
			path = PixTests;
			sourceTree = "<group>";
		};
		7A09F2DA14278D8200D748C8 /* Supporting Files */ = {
			isa = PBXGroup;
			children = (
				7A09F2DB14278D8200D748C8 /* PixTests-Info.plist */,
				7A09F2DC14278D8200D748C8 /* InfoPlist.strings */,
			);
			name = "Supporting Files";
			sourceTree = "<group>";
		};
/* End PBXGroup section */

/* Begin PBXNativeTarget section */
		7A09F2AC14278D8200D748C8 /* Pix */ = {
			isa = PBXNativeTarget;
			buildConfigurationList = 7A09F2E514278D8200D748C8 /* Build configuration list for PBXNativeTarget "Pix" */;
			buildPhases = (
				7A09F2A914278D8200D748C8 /* Sources */,
				7A09F2AA14278D8200D748C8 /* Frameworks */,
				7A09F2AB14278D8200D748C8 /* Resources */,
			);
			buildRules = (
			);
			dependencies = (
			);
			name = Pix;
			productName = Pix;
			productReference = 7A09F2AD14278D8200D748C8 /* Pix.app */;
			productType = "com.apple.product-type.application";
		};
		7A09F2D014278D8200D748C8 /* PixTests */ = {
			isa = PBXNativeTarget;
			buildConfigurationList = 7A09F2E814278D8200D748C8 /* Build configuration list for PBXNativeTarget "PixTests" */;
			buildPhases = (
				7A09F2CC14278D8200D748C8 /* Sources */,
				7A09F2CD14278D8200D748C8 /* Frameworks */,
				7A09F2CE14278D8200D748C8 /* Resources */,
				7A09F2CF14278D8200D748C8 /* ShellScript */,
			);
			buildRules = (
			);
			dependencies = (
				7A09F2D814278D8200D748C8 /* PBXTargetDependency */,
			);
			name = PixTests;
			productName = PixTests;
			productReference = 7A09F2D114278D8200D748C8 /* PixTests.octest */;
			productType = "com.apple.product-type.bundle";
		};
/* End PBXNativeTarget section */

/* Begin PBXProject section */
		7A09F2A414278D8200D748C8 /* Project object */ = {
			isa = PBXProject;
			buildConfigurationList = 7A09F2A714278D8200D748C8 /* Build configuration list for PBXProject "Pix" */;
			compatibilityVersion = "Xcode 3.2";
			developmentRegion = English;
			hasScannedForEncodings = 0;
			knownRegions = (
				en,
			);
			mainGroup = 7A09F2A214278D8200D748C8;
			productRefGroup = 7A09F2AE14278D8200D748C8 /* Products */;
			projectDirPath = "";
			projectRoot = "";
			targets = (
				7A09F2AC14278D8200D748C8 /* Pix */,
				7A09F2D014278D8200D748C8 /* PixTests */,
			);
		};
/* End PBXProject section */

/* Begin PBXResourcesBuildPhase section */
		7A09F2AB14278D8200D748C8 /* Resources */ = {
			isa = PBXResourcesBuildPhase;
			buildActionMask = 2147483647;
			files = (
				7A09F2BC14278D8200D748C8 /* InfoPlist.strings in Resources */,
				7A09F2C514278D8200D748C8 /* MainWindow.xib in Resources */,
				7A09F2CB14278D8200D748C8 /* PixViewController.xib in Resources */,
			);
			runOnlyForDeploymentPostprocessing = 0;
		};
		7A09F2CE14278D8200D748C8 /* Resources */ = {
			isa = PBXResourcesBuildPhase;
			buildActionMask = 2147483647;
			files = (
				7A09F2DE14278D8200D748C8 /* InfoPlist.strings in Resources */,
				7A09F2E014278D8200D748C8 /* PixTests.h in Resources */,
			);
			runOnlyForDeploymentPostprocessing = 0;
		};
/* End PBXResourcesBuildPhase section */

/* Begin PBXShellScriptBuildPhase section */
		7A09F2CF14278D8200D748C8 /* ShellScript */ = {
			isa = PBXShellScriptBuildPhase;
			buildActionMask = 2147483647;
			files = (
			);
			inputPaths = (
			);
			outputPaths = (
			);
			runOnlyForDeploymentPostprocessing = 0;
			shellPath = /bin/sh;
			shellScript = "# Run the unit tests in this test bundle.\n\"${SYSTEM_DEVELOPER_DIR}/Tools/RunUnitTests\"\n";
		};
/* End PBXShellScriptBuildPhase section */

/* Begin PBXSourcesBuildPhase section */
		7A09F2A914278D8200D748C8 /* Sources */ = {
			isa = PBXSourcesBuildPhase;
			buildActionMask = 2147483647;
			files = (
				7A09F2BE14278D8200D748C8 /* main.m in Sources */,
				7A09F2C214278D8200D748C8 /* PixAppDelegate.m in Sources */,
				7A09F2C814278D8200D748C8 /* PixViewController.m in Sources */,
			);
			runOnlyForDeploymentPostprocessing = 0;
		};
		7A09F2CC14278D8200D748C8 /* Sources */ = {
			isa = PBXSourcesBuildPhase;
			buildActionMask = 2147483647;
			files = (
				7A09F2E214278D8200D748C8 /* PixTests.m in Sources */,
			);
			runOnlyForDeploymentPostprocessing = 0;
		};
/* End PBXSourcesBuildPhase section */

/* Begin PBXTargetDependency section */
		7A09F2D814278D8200D748C8 /* PBXTargetDependency */ = {
			isa = PBXTargetDependency;
			target = 7A09F2AC14278D8200D748C8 /* Pix */;
			targetProxy = 7A09F2D714278D8200D748C8 /* PBXContainerItemProxy */;
		};
/* End PBXTargetDependency section */

/* Begin PBXVariantGroup section */
		7A09F2BA14278D8200D748C8 /* InfoPlist.strings */ = {
			isa = PBXVariantGroup;
			children = (
				7A09F2BB14278D8200D748C8 /* en */,
			);
			name = InfoPlist.strings;
			sourceTree = "<group>";
		};
		7A09F2C314278D8200D748C8 /* MainWindow.xib */ = {
			isa = PBXVariantGroup;
			children = (
				7A09F2C414278D8200D748C8 /* en */,
			);
			name = MainWindow.xib;
			sourceTree = "<group>";
		};
		7A09F2C914278D8200D748C8 /* PixViewController.xib */ = {
			isa = PBXVariantGroup;
			children = (
				7A09F2CA14278D8200D748C8 /* en */,
			);
			name = PixViewController.xib;
			sourceTree = "<group>";
		};
		7A09F2DC14278D8200D748C8 /* InfoPlist.strings */ = {
			isa = PBXVariantGroup;
			children = (
				7A09F2DD14278D8200D748C8 /* en */,
			);
			name = InfoPlist.strings;
			sourceTree = "<group>";
		};
/* End PBXVariantGroup section */

/* Begin XCBuildConfiguration section */
		7A09F2E314278D8200D748C8 /* Debug */ = {
			isa = XCBuildConfiguration;
			buildSettings = {
				ALWAYS_SEARCH_USER_PATHS = NO;
				ARCHS = "$(ARCHS_STANDARD_32_BIT)";
				"CODE_SIGN_IDENTITY[sdk=iphoneos*]" = "iPhone Developer";
				COPY_PHASE_STRIP = NO;
				GCC_C_LANGUAGE_STANDARD = gnu99;
				GCC_DYNAMIC_NO_PIC = NO;
				GCC_OPTIMIZATION_LEVEL = 0;
				GCC_PREPROCESSOR_DEFINITIONS = (
					"DEBUG=1",
					"$(inherited)",
				);
				GCC_SYMBOLS_PRIVATE_EXTERN = NO;
				GCC_VERSION = com.apple.compilers.llvmgcc42;
				GCC_WARN_ABOUT_MISSING_PROTOTYPES = YES;
				GCC_WARN_ABOUT_RETURN_TYPE = YES;
				GCC_WARN_UNUSED_VARIABLE = YES;
				IPHONEOS_DEPLOYMENT_TARGET = 4.3;
				SDKROOT = iphoneos;
			};
			name = Debug;
		};
		7A09F2E414278D8200D748C8 /* Release */ = {
			isa = XCBuildConfiguration;
			buildSettings = {
				ALWAYS_SEARCH_USER_PATHS = NO;
				ARCHS = "$(ARCHS_STANDARD_32_BIT)";
				"CODE_SIGN_IDENTITY[sdk=iphoneos*]" = "iPhone Developer";
				COPY_PHASE_STRIP = YES;
				GCC_C_LANGUAGE_STANDARD = gnu99;
				GCC_VERSION = com.apple.compilers.llvmgcc42;
				GCC_WARN_ABOUT_MISSING_PROTOTYPES = YES;
				GCC_WARN_ABOUT_RETURN_TYPE = YES;
				GCC_WARN_UNUSED_VARIABLE = YES;
				IPHONEOS_DEPLOYMENT_TARGET = 4.3;
				OTHER_CFLAGS = "-DNS_BLOCK_ASSERTIONS=1";
				SDKROOT = iphoneos;
				VALIDATE_PRODUCT = YES;
			};
			name = Release;
		};
		7A09F2E614278D8200D748C8 /* Debug */ = {
			isa = XCBuildConfiguration;
			buildSettings = {
				GCC_PRECOMPILE_PREFIX_HEADER = YES;
				GCC_PREFIX_HEADER = "Pix/Pix-Prefix.pch";
				INFOPLIST_FILE = "Pix/Pix-Info.plist";
				PRODUCT_NAME = "$(TARGET_NAME)";
				WRAPPER_EXTENSION = app;
			};
			name = Debug;
		};
		7A09F2E714278D8200D748C8 /* Release */ = {
			isa = XCBuildConfiguration;
			buildSettings = {
				GCC_PRECOMPILE_PREFIX_HEADER = YES;
				GCC_PREFIX_HEADER = "Pix/Pix-Prefix.pch";
				INFOPLIST_FILE = "Pix/Pix-Info.plist";
				PRODUCT_NAME = "$(TARGET_NAME)";
				WRAPPER_EXTENSION = app;
			};
			name = Release;
		};
		7A09F2E914278D8200D748C8 /* Debug */ = {
			isa = XCBuildConfiguration;
			buildSettings = {
				BUNDLE_LOADER = "$(BUILT_PRODUCTS_DIR)/Pix.app/Pix";
				FRAMEWORK_SEARCH_PATHS = (
					"$(SDKROOT)/Developer/Library/Frameworks",
					"$(DEVELOPER_LIBRARY_DIR)/Frameworks",
				);
				GCC_PRECOMPILE_PREFIX_HEADER = YES;
				GCC_PREFIX_HEADER = "Pix/Pix-Prefix.pch";
				INFOPLIST_FILE = "PixTests/PixTests-Info.plist";
				PRODUCT_NAME = "$(TARGET_NAME)";
				TEST_HOST = "$(BUNDLE_LOADER)";
				WRAPPER_EXTENSION = octest;
			};
			name = Debug;
		};
		7A09F2EA14278D8200D748C8 /* Release */ = {
			isa = XCBuildConfiguration;
			buildSettings = {
				BUNDLE_LOADER = "$(BUILT_PRODUCTS_DIR)/Pix.app/Pix";
				FRAMEWORK_SEARCH_PATHS = (
					"$(SDKROOT)/Developer/Library/Frameworks",
					"$(DEVELOPER_LIBRARY_DIR)/Frameworks",
				);
				GCC_PRECOMPILE_PREFIX_HEADER = YES;
				GCC_PREFIX_HEADER = "Pix/Pix-Prefix.pch";
				INFOPLIST_FILE = "PixTests/PixTests-Info.plist";
				PRODUCT_NAME = "$(TARGET_NAME)";
				TEST_HOST = "$(BUNDLE_LOADER)";
				WRAPPER_EXTENSION = octest;
			};
			name = Release;
		};
/* End XCBuildConfiguration section */

/* Begin XCConfigurationList section */
		7A09F2A714278D8200D748C8 /* Build configuration list for PBXProject "Pix" */ = {
			isa = XCConfigurationList;
			buildConfigurations = (
				7A09F2E314278D8200D748C8 /* Debug */,
				7A09F2E414278D8200D748C8 /* Release */,
			);
			defaultConfigurationIsVisible = 0;
			defaultConfigurationName = Release;
		};
		7A09F2E514278D8200D748C8 /* Build configuration list for PBXNativeTarget "Pix" */ = {
			isa = XCConfigurationList;
			buildConfigurations = (
				7A09F2E614278D8200D748C8 /* Debug */,
				7A09F2E714278D8200D748C8 /* Release */,
			);
			defaultConfigurationIsVisible = 0;
		};
		7A09F2E814278D8200D748C8 /* Build configuration list for PBXNativeTarget "PixTests" */ = {
			isa = XCConfigurationList;
			buildConfigurations = (
				7A09F2E914278D8200D748C8 /* Debug */,
				7A09F2EA14278D8200D748C8 /* Release */,
			);
			defaultConfigurationIsVisible = 0;
		};
/* End XCConfigurationList section */
	};
	rootObject = 7A09F2A414278D8200D748C8 /* Project object */;
}
