// !$*UTF8*$!
{
	archiveVersion = 1;
	classes = {
	};
	objectVersion = 46;
	objects = {

/* Begin PBXBuildFile section */
		7A13C50014F2BA1D003D4935 /* UIKit.framework in Frameworks */ = {isa = PBXBuildFile; fileRef = 7A13C4FF14F2BA1D003D4935 /* UIKit.framework */; };
		7A13C50214F2BA1D003D4935 /* Foundation.framework in Frameworks */ = {isa = PBXBuildFile; fileRef = 7A13C50114F2BA1D003D4935 /* Foundation.framework */; };
		7A13C50414F2BA1D003D4935 /* CoreGraphics.framework in Frameworks */ = {isa = PBXBuildFile; fileRef = 7A13C50314F2BA1D003D4935 /* CoreGraphics.framework */; };
		7A13C50A14F2BA1D003D4935 /* InfoPlist.strings in Resources */ = {isa = PBXBuildFile; fileRef = 7A13C50814F2BA1D003D4935 /* InfoPlist.strings */; };
		7A13C50C14F2BA1D003D4935 /* main.m in Sources */ = {isa = PBXBuildFile; fileRef = 7A13C50B14F2BA1D003D4935 /* main.m */; };
		7A13C51014F2BA1D003D4935 /* AppDelegate.m in Sources */ = {isa = PBXBuildFile; fileRef = 7A13C50F14F2BA1D003D4935 /* AppDelegate.m */; };
		7A13C51314F2BA1D003D4935 /* MainStoryboard_iPhone.storyboard in Resources */ = {isa = PBXBuildFile; fileRef = 7A13C51114F2BA1D003D4935 /* MainStoryboard_iPhone.storyboard */; };
		7A13C51614F2BA1D003D4935 /* MainStoryboard_iPad.storyboard in Resources */ = {isa = PBXBuildFile; fileRef = 7A13C51414F2BA1D003D4935 /* MainStoryboard_iPad.storyboard */; };
		7A13C51914F2BA1D003D4935 /* ViewController.m in Sources */ = {isa = PBXBuildFile; fileRef = 7A13C51814F2BA1D003D4935 /* ViewController.m */; };
		7A13C52114F2BA1D003D4935 /* SenTestingKit.framework in Frameworks */ = {isa = PBXBuildFile; fileRef = 7A13C52014F2BA1D003D4935 /* SenTestingKit.framework */; };
		7A13C52214F2BA1D003D4935 /* UIKit.framework in Frameworks */ = {isa = PBXBuildFile; fileRef = 7A13C4FF14F2BA1D003D4935 /* UIKit.framework */; };
		7A13C52314F2BA1D003D4935 /* Foundation.framework in Frameworks */ = {isa = PBXBuildFile; fileRef = 7A13C50114F2BA1D003D4935 /* Foundation.framework */; };
		7A13C52B14F2BA1D003D4935 /* InfoPlist.strings in Resources */ = {isa = PBXBuildFile; fileRef = 7A13C52914F2BA1D003D4935 /* InfoPlist.strings */; };
		7A13C52E14F2BA1D003D4935 /* jjTests.m in Sources */ = {isa = PBXBuildFile; fileRef = 7A13C52D14F2BA1D003D4935 /* jjTests.m */; };
/* End PBXBuildFile section */

/* Begin PBXContainerItemProxy section */
		7A13C52414F2BA1D003D4935 /* PBXContainerItemProxy */ = {
			isa = PBXContainerItemProxy;
			containerPortal = 7A13C4F214F2BA1D003D4935 /* Project object */;
			proxyType = 1;
			remoteGlobalIDString = 7A13C4FA14F2BA1D003D4935;
			remoteInfo = jj;
		};
/* End PBXContainerItemProxy section */

/* Begin PBXFileReference section */
		7A13C4FB14F2BA1D003D4935 /* jj.app */ = {isa = PBXFileReference; explicitFileType = wrapper.application; includeInIndex = 0; path = jj.app; sourceTree = BUILT_PRODUCTS_DIR; };
		7A13C4FF14F2BA1D003D4935 /* UIKit.framework */ = {isa = PBXFileReference; lastKnownFileType = wrapper.framework; name = UIKit.framework; path = System/Library/Frameworks/UIKit.framework; sourceTree = SDKROOT; };
		7A13C50114F2BA1D003D4935 /* Foundation.framework */ = {isa = PBXFileReference; lastKnownFileType = wrapper.framework; name = Foundation.framework; path = System/Library/Frameworks/Foundation.framework; sourceTree = SDKROOT; };
		7A13C50314F2BA1D003D4935 /* CoreGraphics.framework */ = {isa = PBXFileReference; lastKnownFileType = wrapper.framework; name = CoreGraphics.framework; path = System/Library/Frameworks/CoreGraphics.framework; sourceTree = SDKROOT; };
		7A13C50714F2BA1D003D4935 /* jj-Info.plist */ = {isa = PBXFileReference; path = "jj-Info.plist"; sourceTree = "<group>"; };
		7A13C50914F2BA1D003D4935 /* en */ = {isa = PBXFileReference; lastKnownFileType = text.plist.strings; name = en; path = en.lproj/InfoPlist.strings; sourceTree = "<group>"; };
		7A13C50B14F2BA1D003D4935 /* main.m */ = {isa = PBXFileReference; lastKnownFileType = sourcecode.c.objc; path = main.m; sourceTree = "<group>"; };
		7A13C50D14F2BA1D003D4935 /* jj-Prefix.pch */ = {isa = PBXFileReference; path = "jj-Prefix.pch"; sourceTree = "<group>"; };
		7A13C50E14F2BA1D003D4935 /* AppDelegate.h */ = {isa = PBXFileReference; path = AppDelegate.h; sourceTree = "<group>"; };
		7A13C50F14F2BA1D003D4935 /* AppDelegate.m */ = {isa = PBXFileReference; lastKnownFileType = sourcecode.c.objc; path = AppDelegate.m; sourceTree = "<group>"; };
		7A13C51214F2BA1D003D4935 /* en */ = {isa = PBXFileReference; lastKnownFileType = file.storyboard; name = en; path = en.lproj/MainStoryboard_iPhone.storyboard; sourceTree = "<group>"; };
		7A13C51514F2BA1D003D4935 /* en */ = {isa = PBXFileReference; lastKnownFileType = file.storyboard; name = en; path = en.lproj/MainStoryboard_iPad.storyboard; sourceTree = "<group>"; };
		7A13C51714F2BA1D003D4935 /* ViewController.h */ = {isa = PBXFileReference; path = ViewController.h; sourceTree = "<group>"; };
		7A13C51814F2BA1D003D4935 /* ViewController.m */ = {isa = PBXFileReference; lastKnownFileType = sourcecode.c.objc; path = ViewController.m; sourceTree = "<group>"; };
		7A13C51F14F2BA1D003D4935 /* jjTests.octest */ = {isa = PBXFileReference; explicitFileType = wrapper.cfbundle; includeInIndex = 0; path = jjTests.octest; sourceTree = BUILT_PRODUCTS_DIR; };
		7A13C52014F2BA1D003D4935 /* SenTestingKit.framework */ = {isa = PBXFileReference; lastKnownFileType = wrapper.framework; name = SenTestingKit.framework; path = Library/Frameworks/SenTestingKit.framework; sourceTree = DEVELOPER_DIR; };
		7A13C52814F2BA1D003D4935 /* jjTests-Info.plist */ = {isa = PBXFileReference; path = "jjTests-Info.plist"; sourceTree = "<group>"; };
		7A13C52A14F2BA1D003D4935 /* en */ = {isa = PBXFileReference; lastKnownFileType = text.plist.strings; name = en; path = en.lproj/InfoPlist.strings; sourceTree = "<group>"; };
		7A13C52C14F2BA1D003D4935 /* jjTests.h */ = {isa = PBXFileReference; path = jjTests.h; sourceTree = "<group>"; };
		7A13C52D14F2BA1D003D4935 /* jjTests.m */ = {isa = PBXFileReference; lastKnownFileType = sourcecode.c.objc; path = jjTests.m; sourceTree = "<group>"; };
/* End PBXFileReference section */

/* Begin PBXFrameworksBuildPhase section */
		7A13C4F814F2BA1D003D4935 /* Frameworks */ = {
			isa = PBXFrameworksBuildPhase;
			buildActionMask = 2147483647;
			files = (
				7A13C50014F2BA1D003D4935 /* UIKit.framework in Frameworks */,
				7A13C50214F2BA1D003D4935 /* Foundation.framework in Frameworks */,
				7A13C50414F2BA1D003D4935 /* CoreGraphics.framework in Frameworks */,
			);
			runOnlyForDeploymentPostprocessing = 0;
		};
		7A13C51B14F2BA1D003D4935 /* Frameworks */ = {
			isa = PBXFrameworksBuildPhase;
			buildActionMask = 2147483647;
			files = (
				7A13C52114F2BA1D003D4935 /* SenTestingKit.framework in Frameworks */,
				7A13C52214F2BA1D003D4935 /* UIKit.framework in Frameworks */,
				7A13C52314F2BA1D003D4935 /* Foundation.framework in Frameworks */,
			);
			runOnlyForDeploymentPostprocessing = 0;
		};
/* End PBXFrameworksBuildPhase section */

/* Begin PBXGroup section */
		7A13C4F014F2BA1D003D4935 = {
			isa = PBXGroup;
			children = (
				7A13C50514F2BA1D003D4935 /* jj */,
				7A13C52614F2BA1D003D4935 /* jjTests */,
				7A13C4FE14F2BA1D003D4935 /* Frameworks */,
				7A13C4FC14F2BA1D003D4935 /* Products */,
			);
			sourceTree = "<group>";
		};
		7A13C4FC14F2BA1D003D4935 /* Products */ = {
			isa = PBXGroup;
			children = (
				7A13C4FB14F2BA1D003D4935 /* jj.app */,
				7A13C51F14F2BA1D003D4935 /* jjTests.octest */,
			);
			name = Products;
			sourceTree = "<group>";
		};
		7A13C4FE14F2BA1D003D4935 /* Frameworks */ = {
			isa = PBXGroup;
			children = (
				7A13C4FF14F2BA1D003D4935 /* UIKit.framework */,
				7A13C50114F2BA1D003D4935 /* Foundation.framework */,
				7A13C50314F2BA1D003D4935 /* CoreGraphics.framework */,
				7A13C52014F2BA1D003D4935 /* SenTestingKit.framework */,
			);
			name = Frameworks;
			sourceTree = "<group>";
		};
		7A13C50514F2BA1D003D4935 /* jj */ = {
			isa = PBXGroup;
			children = (
				7A13C50E14F2BA1D003D4935 /* AppDelegate.h */,
				7A13C50F14F2BA1D003D4935 /* AppDelegate.m */,
				7A13C51114F2BA1D003D4935 /* MainStoryboard_iPhone.storyboard */,
				7A13C51414F2BA1D003D4935 /* MainStoryboard_iPad.storyboard */,
				7A13C51714F2BA1D003D4935 /* ViewController.h */,
				7A13C51814F2BA1D003D4935 /* ViewController.m */,
				7A13C50614F2BA1D003D4935 /* Supporting Files */,
			);
			path = jj;
			sourceTree = "<group>";
		};
		7A13C50614F2BA1D003D4935 /* Supporting Files */ = {
			isa = PBXGroup;
			children = (
				7A13C50714F2BA1D003D4935 /* jj-Info.plist */,
				7A13C50814F2BA1D003D4935 /* InfoPlist.strings */,
				7A13C50B14F2BA1D003D4935 /* main.m */,
				7A13C50D14F2BA1D003D4935 /* jj-Prefix.pch */,
			);
			name = "Supporting Files";
			sourceTree = "<group>";
		};
		7A13C52614F2BA1D003D4935 /* jjTests */ = {
			isa = PBXGroup;
			children = (
				7A13C52C14F2BA1D003D4935 /* jjTests.h */,
				7A13C52D14F2BA1D003D4935 /* jjTests.m */,
				7A13C52714F2BA1D003D4935 /* Supporting Files */,
			);
			path = jjTests;
			sourceTree = "<group>";
		};
		7A13C52714F2BA1D003D4935 /* Supporting Files */ = {
			isa = PBXGroup;
			children = (
				7A13C52814F2BA1D003D4935 /* jjTests-Info.plist */,
				7A13C52914F2BA1D003D4935 /* InfoPlist.strings */,
			);
			name = "Supporting Files";
			sourceTree = "<group>";
		};
/* End PBXGroup section */

/* Begin PBXNativeTarget section */
		7A13C4FA14F2BA1D003D4935 /* jj */ = {
			isa = PBXNativeTarget;
			buildConfigurationList = 7A13C53114F2BA1D003D4935 /* Build configuration list for PBXNativeTarget "jj" */;
			buildPhases = (
				7A13C4F714F2BA1D003D4935 /* Sources */,
				7A13C4F814F2BA1D003D4935 /* Frameworks */,
				7A13C4F914F2BA1D003D4935 /* Resources */,
			);
			buildRules = (
			);
			dependencies = (
			);
			name = jj;
			productName = jj;
			productReference = 7A13C4FB14F2BA1D003D4935 /* jj.app */;
			productType = "com.apple.product-type.application";
		};
		7A13C51E14F2BA1D003D4935 /* jjTests */ = {
			isa = PBXNativeTarget;
			buildConfigurationList = 7A13C53414F2BA1D003D4935 /* Build configuration list for PBXNativeTarget "jjTests" */;
			buildPhases = (
				7A13C51A14F2BA1D003D4935 /* Sources */,
				7A13C51B14F2BA1D003D4935 /* Frameworks */,
				7A13C51C14F2BA1D003D4935 /* Resources */,
				7A13C51D14F2BA1D003D4935 /* ShellScript */,
			);
			buildRules = (
			);
			dependencies = (
				7A13C52514F2BA1D003D4935 /* PBXTargetDependency */,
			);
			name = jjTests;
			productName = jjTests;
			productReference = 7A13C51F14F2BA1D003D4935 /* jjTests.octest */;
			productType = "com.apple.product-type.bundle";
		};
/* End PBXNativeTarget section */

/* Begin PBXProject section */
		7A13C4F214F2BA1D003D4935 /* Project object */ = {
			isa = PBXProject;
			attributes = {
				LastUpgradeCheck = 0430;
			};
			buildConfigurationList = 7A13C4F514F2BA1D003D4935 /* Build configuration list for PBXProject "jj" */;
			compatibilityVersion = "Xcode 3.2";
			developmentRegion = English;
			hasScannedForEncodings = 0;
			knownRegions = (
				en,
			);
			mainGroup = 7A13C4F014F2BA1D003D4935;
			productRefGroup = 7A13C4FC14F2BA1D003D4935 /* Products */;
			projectDirPath = "";
			projectRoot = "";
			targets = (
				7A13C4FA14F2BA1D003D4935 /* jj */,
				7A13C51E14F2BA1D003D4935 /* jjTests */,
			);
		};
/* End PBXProject section */

/* Begin PBXResourcesBuildPhase section */
		7A13C4F914F2BA1D003D4935 /* Resources */ = {
			isa = PBXResourcesBuildPhase;
			buildActionMask = 2147483647;
			files = (
				7A13C50A14F2BA1D003D4935 /* InfoPlist.strings in Resources */,
				7A13C51314F2BA1D003D4935 /* MainStoryboard_iPhone.storyboard in Resources */,
				7A13C51614F2BA1D003D4935 /* MainStoryboard_iPad.storyboard in Resources */,
			);
			runOnlyForDeploymentPostprocessing = 0;
		};
		7A13C51C14F2BA1D003D4935 /* Resources */ = {
			isa = PBXResourcesBuildPhase;
			buildActionMask = 2147483647;
			files = (
				7A13C52B14F2BA1D003D4935 /* InfoPlist.strings in Resources */,
			);
			runOnlyForDeploymentPostprocessing = 0;
		};
/* End PBXResourcesBuildPhase section */

/* Begin PBXShellScriptBuildPhase section */
		7A13C51D14F2BA1D003D4935 /* ShellScript */ = {
			isa = PBXShellScriptBuildPhase;
			buildActionMask = 2147483647;
			files = (
			);
			inputPaths = (
			);
			outputPaths = (
			);
			runOnlyForDeploymentPostprocessing = 0;
			shellPath = /bin/sh;
			shellScript = "# Run the unit tests in this test bundle.\n\"${SYSTEM_DEVELOPER_DIR}/Tools/RunUnitTests\"\n";
		};
/* End PBXShellScriptBuildPhase section */

/* Begin PBXSourcesBuildPhase section */
		7A13C4F714F2BA1D003D4935 /* Sources */ = {
			isa = PBXSourcesBuildPhase;
			buildActionMask = 2147483647;
			files = (
				7A13C50C14F2BA1D003D4935 /* main.m in Sources */,
				7A13C51014F2BA1D003D4935 /* AppDelegate.m in Sources */,
				7A13C51914F2BA1D003D4935 /* ViewController.m in Sources */,
			);
			runOnlyForDeploymentPostprocessing = 0;
		};
		7A13C51A14F2BA1D003D4935 /* Sources */ = {
			isa = PBXSourcesBuildPhase;
			buildActionMask = 2147483647;
			files = (
				7A13C52E14F2BA1D003D4935 /* jjTests.m in Sources */,
			);
			runOnlyForDeploymentPostprocessing = 0;
		};
/* End PBXSourcesBuildPhase section */

/* Begin PBXTargetDependency section */
		7A13C52514F2BA1D003D4935 /* PBXTargetDependency */ = {
			isa = PBXTargetDependency;
			target = 7A13C4FA14F2BA1D003D4935 /* jj */;
			targetProxy = 7A13C52414F2BA1D003D4935 /* PBXContainerItemProxy */;
		};
/* End PBXTargetDependency section */

/* Begin PBXVariantGroup section */
		7A13C50814F2BA1D003D4935 /* InfoPlist.strings */ = {
			isa = PBXVariantGroup;
			children = (
				7A13C50914F2BA1D003D4935 /* en */,
			);
			name = InfoPlist.strings;
			sourceTree = "<group>";
		};
		7A13C51114F2BA1D003D4935 /* MainStoryboard_iPhone.storyboard */ = {
			isa = PBXVariantGroup;
			children = (
				7A13C51214F2BA1D003D4935 /* en */,
			);
			name = MainStoryboard_iPhone.storyboard;
			sourceTree = "<group>";
		};
		7A13C51414F2BA1D003D4935 /* MainStoryboard_iPad.storyboard */ = {
			isa = PBXVariantGroup;
			children = (
				7A13C51514F2BA1D003D4935 /* en */,
			);
			name = MainStoryboard_iPad.storyboard;
			sourceTree = "<group>";
		};
		7A13C52914F2BA1D003D4935 /* InfoPlist.strings */ = {
			isa = PBXVariantGroup;
			children = (
				7A13C52A14F2BA1D003D4935 /* en */,
			);
			name = InfoPlist.strings;
			sourceTree = "<group>";
		};
/* End PBXVariantGroup section */

/* Begin XCBuildConfiguration section */
		7A13C52F14F2BA1D003D4935 /* Debug */ = {
			isa = XCBuildConfiguration;
			buildSettings = {
				ALWAYS_SEARCH_USER_PATHS = NO;
				ARCHS = "$(ARCHS_STANDARD_32_BIT)";
				CLANG_ENABLE_OBJC_ARC = YES;
				"CODE_SIGN_IDENTITY[sdk=iphoneos*]" = "iPhone Developer";
				COPY_PHASE_STRIP = NO;
				GCC_C_LANGUAGE_STANDARD = gnu99;
				GCC_DYNAMIC_NO_PIC = NO;
				GCC_OPTIMIZATION_LEVEL = 0;
				GCC_PREPROCESSOR_DEFINITIONS = (
					"DEBUG=1",
					"$(inherited)",
				);
				GCC_SYMBOLS_PRIVATE_EXTERN = NO;
				GCC_VERSION = com.apple.compilers.llvm.clang.1_0;
				GCC_WARN_ABOUT_RETURN_TYPE = YES;
				GCC_WARN_UNINITIALIZED_AUTOS = YES;
				GCC_WARN_UNUSED_VARIABLE = YES;
				IPHONEOS_DEPLOYMENT_TARGET = 5.0;
				SDKROOT = iphoneos;
				TARGETED_DEVICE_FAMILY = "1,2";
			};
			name = Debug;
		};
		7A13C53014F2BA1D003D4935 /* Release */ = {
			isa = XCBuildConfiguration;
			buildSettings = {
				ALWAYS_SEARCH_USER_PATHS = NO;
				ARCHS = "$(ARCHS_STANDARD_32_BIT)";
				CLANG_ENABLE_OBJC_ARC = YES;
				"CODE_SIGN_IDENTITY[sdk=iphoneos*]" = "iPhone Developer";
				COPY_PHASE_STRIP = YES;
				GCC_C_LANGUAGE_STANDARD = gnu99;
				GCC_VERSION = com.apple.compilers.llvm.clang.1_0;
				GCC_WARN_ABOUT_RETURN_TYPE = YES;
				GCC_WARN_UNINITIALIZED_AUTOS = YES;
				GCC_WARN_UNUSED_VARIABLE = YES;
				IPHONEOS_DEPLOYMENT_TARGET = 5.0;
				OTHER_CFLAGS = "-DNS_BLOCK_ASSERTIONS=1";
				SDKROOT = iphoneos;
				TARGETED_DEVICE_FAMILY = "1,2";
				VALIDATE_PRODUCT = YES;
			};
			name = Release;
		};
		7A13C53214F2BA1D003D4935 /* Debug */ = {
			isa = XCBuildConfiguration;
			buildSettings = {
				GCC_PRECOMPILE_PREFIX_HEADER = YES;
				GCC_PREFIX_HEADER = "jj/jj-Prefix.pch";
				INFOPLIST_FILE = "jj/jj-Info.plist";
				PRODUCT_NAME = "$(TARGET_NAME)";
				WRAPPER_EXTENSION = app;
			};
			name = Debug;
		};
		7A13C53314F2BA1D003D4935 /* Release */ = {
			isa = XCBuildConfiguration;
			buildSettings = {
				GCC_PRECOMPILE_PREFIX_HEADER = YES;
				GCC_PREFIX_HEADER = "jj/jj-Prefix.pch";
				INFOPLIST_FILE = "jj/jj-Info.plist";
				PRODUCT_NAME = "$(TARGET_NAME)";
				WRAPPER_EXTENSION = app;
			};
			name = Release;
		};
		7A13C53514F2BA1D003D4935 /* Debug */ = {
			isa = XCBuildConfiguration;
			buildSettings = {
				BUNDLE_LOADER = "$(BUILT_PRODUCTS_DIR)/jj.app/jj";
				FRAMEWORK_SEARCH_PATHS = (
					"$(SDKROOT)/Developer/Library/Frameworks",
					"$(DEVELOPER_LIBRARY_DIR)/Frameworks",
				);
				GCC_PRECOMPILE_PREFIX_HEADER = YES;
				GCC_PREFIX_HEADER = "jj/jj-Prefix.pch";
				INFOPLIST_FILE = "jjTests/jjTests-Info.plist";
				PRODUCT_NAME = "$(TARGET_NAME)";
				TEST_HOST = "$(BUNDLE_LOADER)";
				WRAPPER_EXTENSION = octest;
			};
			name = Debug;
		};
		7A13C53614F2BA1D003D4935 /* Release */ = {
			isa = XCBuildConfiguration;
			buildSettings = {
				BUNDLE_LOADER = "$(BUILT_PRODUCTS_DIR)/jj.app/jj";
				FRAMEWORK_SEARCH_PATHS = (
					"$(SDKROOT)/Developer/Library/Frameworks",
					"$(DEVELOPER_LIBRARY_DIR)/Frameworks",
				);
				GCC_PRECOMPILE_PREFIX_HEADER = YES;
				GCC_PREFIX_HEADER = "jj/jj-Prefix.pch";
				INFOPLIST_FILE = "jjTests/jjTests-Info.plist";
				PRODUCT_NAME = "$(TARGET_NAME)";
				TEST_HOST = "$(BUNDLE_LOADER)";
				WRAPPER_EXTENSION = octest;
			};
			name = Release;
		};
/* End XCBuildConfiguration section */

/* Begin XCConfigurationList section */
		7A13C4F514F2BA1D003D4935 /* Build configuration list for PBXProject "jj" */ = {
			isa = XCConfigurationList;
			buildConfigurations = (
				7A13C52F14F2BA1D003D4935 /* Debug */,
				7A13C53014F2BA1D003D4935 /* Release */,
			);
			defaultConfigurationIsVisible = 0;
			defaultConfigurationName = Release;
		};
		7A13C53114F2BA1D003D4935 /* Build configuration list for PBXNativeTarget "jj" */ = {
			isa = XCConfigurationList;
			buildConfigurations = (
				7A13C53214F2BA1D003D4935 /* Debug */,
				7A13C53314F2BA1D003D4935 /* Release */,
			);
			defaultConfigurationIsVisible = 0;
		};
		7A13C53414F2BA1D003D4935 /* Build configuration list for PBXNativeTarget "jjTests" */ = {
			isa = XCConfigurationList;
			buildConfigurations = (
				7A13C53514F2BA1D003D4935 /* Debug */,
				7A13C53614F2BA1D003D4935 /* Release */,
			);
			defaultConfigurationIsVisible = 0;
		};
/* End XCConfigurationList section */
	};
	rootObject = 7A13C4F214F2BA1D003D4935 /* Project object */;
}
